// !$*UTF8*$!
{
	archiveVersion = 1;
	classes = {
	};
	objectVersion = 44;
	objects = {

/* Begin PBXBuildFile section */
		4DDCA7060ACC9A6100E082CE /* MainMenu.nib in Resources */ = {isa = PBXBuildFile; fileRef = 29B97318FDCFA39411CA2CEA /* MainMenu.nib */; };
		4DDCA7080ACC9A6100E082CE /* rb_main.rb in Resources */ = {isa = PBXBuildFile; fileRef = E8F5E25803AEB7C803A81C6F /* rb_main.rb */; };
		4DDCA70A0ACC9A6100E082CE /* main.m in Sources */ = {isa = PBXBuildFile; fileRef = 29B97316FDCFA39411CA2CEA /* main.m */; settings = {ATTRIBUTES = (); }; };
		4DDCA70C0ACC9A6100E082CE /* Cocoa.framework in Frameworks */ = {isa = PBXBuildFile; fileRef = 1058C7A1FEA54F0111CA2CBB /* Cocoa.framework */; };
		4DDCA70D0ACC9A6100E082CE /* RubyCocoa.framework in Frameworks */ = {isa = PBXBuildFile; fileRef = E8F5E24E03AEB6EC03A81C6F /* RubyCocoa.framework */; };
		E11A1B050DB0BA6500732A93 /* rspactor-core.rb in Resources */ = {isa = PBXBuildFile; fileRef = E11A1B040DB0BA6500732A93 /* rspactor-core.rb */; };
		E11A1B160DB0BE4C00732A93 /* remote_result.rb in Resources */ = {isa = PBXBuildFile; fileRef = E11A1B150DB0BE4C00732A93 /* remote_result.rb */; };
		E11A1B190DB0C0BD00732A93 /* local_service.rb in Resources */ = {isa = PBXBuildFile; fileRef = E11A1B180DB0C0BD00732A93 /* local_service.rb */; };
		E12B55340DAFF907002651EA /* SpecTable.rb in Resources */ = {isa = PBXBuildFile; fileRef = E12B55330DAFF907002651EA /* SpecTable.rb */; };
		E1385BDC0DB91E3E00B13C60 /* APPL.icns in Resources */ = {isa = PBXBuildFile; fileRef = E1385BDB0DB91E3E00B13C60 /* APPL.icns */; };
		E138656F0DB9360A00B13C60 /* add_16.png in Resources */ = {isa = PBXBuildFile; fileRef = E138656E0DB9360A00B13C60 /* add_16.png */; };
		E13865720DB9361400B13C60 /* add_515.png in Resources */ = {isa = PBXBuildFile; fileRef = E13865710DB9361400B13C60 /* add_515.png */; };
		E13865F50DB9476400B13C60 /* remove_16.png in Resources */ = {isa = PBXBuildFile; fileRef = E13865F30DB9476400B13C60 /* remove_16.png */; };
		E13865F60DB9476400B13C60 /* warning_16.png in Resources */ = {isa = PBXBuildFile; fileRef = E13865F40DB9476400B13C60 /* warning_16.png */; };
		E138660F0DB94A5E00B13C60 /* accept_128.png in Resources */ = {isa = PBXBuildFile; fileRef = E138660C0DB94A5E00B13C60 /* accept_128.png */; };
		E13866100DB94A5E00B13C60 /* remove_128.png in Resources */ = {isa = PBXBuildFile; fileRef = E138660D0DB94A5E00B13C60 /* remove_128.png */; };
		E13866110DB94A5E00B13C60 /* warning_128.png in Resources */ = {isa = PBXBuildFile; fileRef = E138660E0DB94A5E00B13C60 /* warning_128.png */; };
		E17BFD7D0DB0294800E78CCC /* spec.rb in Resources */ = {isa = PBXBuildFile; fileRef = E17BFD7C0DB0294800E78CCC /* spec.rb */; };
		E17CFC8D0DB0B91D0022A24E /* command.rb in Resources */ = {isa = PBXBuildFile; fileRef = E17CFC8A0DB0B91D0022A24E /* command.rb */; };
		E17CFC8E0DB0B91D0022A24E /* inspection.rb in Resources */ = {isa = PBXBuildFile; fileRef = E17CFC8B0DB0B91D0022A24E /* inspection.rb */; };
		E17CFC8F0DB0B91D0022A24E /* runtime.rb in Resources */ = {isa = PBXBuildFile; fileRef = E17CFC8C0DB0B91D0022A24E /* runtime.rb */; };
		E18DE6850DB01EE300018473 /* interop.rb in Resources */ = {isa = PBXBuildFile; fileRef = E18DE6840DB01EE300018473 /* interop.rb */; };
		E1AAE1F30DB2B06A00C03126 /* Callback.rb in Resources */ = {isa = PBXBuildFile; fileRef = E1AAE1F20DB2B06A00C03126 /* Callback.rb */; };
		E1AAE2060DB2B66000C03126 /* open4.rb in Resources */ = {isa = PBXBuildFile; fileRef = E1AAE2050DB2B66000C03126 /* open4.rb */; };
		E1C19B7A0DB8016200075B08 /* PrefController.rb in Resources */ = {isa = PBXBuildFile; fileRef = E1C19B790DB8016200075B08 /* PrefController.rb */; };
		E1C34CFE0DB89EC60044FAAD /* Sparkle.framework in CopyFiles */ = {isa = PBXBuildFile; fileRef = E1EA1E560DB7F13700610423 /* Sparkle.framework */; };
		E1D9F0E00DB17A39009B2E6C /* listener.rb in Resources */ = {isa = PBXBuildFile; fileRef = E1D9F0DF0DB17A39009B2E6C /* listener.rb */; };
		E1D9F1160DB189CD009B2E6C /* rspactor_bin.rb in Resources */ = {isa = PBXBuildFile; fileRef = E1D9F1150DB189CD009B2E6C /* rspactor_bin.rb */; };
		E1E70C9A0DAAC8B900024ABC /* WindowController.rb in Resources */ = {isa = PBXBuildFile; fileRef = E1E70C990DAAC8B900024ABC /* WindowController.rb */; };
		E1EA1E570DB7F13700610423 /* Sparkle.framework in Frameworks */ = {isa = PBXBuildFile; fileRef = E1EA1E560DB7F13700610423 /* Sparkle.framework */; };
		E1FA4D9A0DB173860017B786 /* Growl.rb in Resources */ = {isa = PBXBuildFile; fileRef = E1FA4D990DB173860017B786 /* Growl.rb */; };
/* End PBXBuildFile section */

/* Begin PBXCopyFilesBuildPhase section */
		E1F692C80DB55E3600874F15 /* CopyFiles */ = {
			isa = PBXCopyFilesBuildPhase;
			buildActionMask = 2147483647;
			dstPath = "";
			dstSubfolderSpec = 10;
			files = (
				E1C34CFE0DB89EC60044FAAD /* Sparkle.framework in CopyFiles */,
			);
			runOnlyForDeploymentPostprocessing = 0;
		};
/* End PBXCopyFilesBuildPhase section */

/* Begin PBXFileReference section */
		1058C7A1FEA54F0111CA2CBB /* Cocoa.framework */ = {isa = PBXFileReference; lastKnownFileType = wrapper.framework; name = Cocoa.framework; path = /System/Library/Frameworks/Cocoa.framework; sourceTree = "<absolute>"; };
		29B97316FDCFA39411CA2CEA /* main.m */ = {isa = PBXFileReference; fileEncoding = 30; lastKnownFileType = sourcecode.c.objc; path = main.m; sourceTree = "<group>"; };
		29B97319FDCFA39411CA2CEA /* English */ = {isa = PBXFileReference; lastKnownFileType = wrapper.nib; name = English; path = English.lproj/MainMenu.nib; sourceTree = "<group>"; };
		29B97324FDCFA39411CA2CEA /* AppKit.framework */ = {isa = PBXFileReference; lastKnownFileType = wrapper.framework; name = AppKit.framework; path = /System/Library/Frameworks/AppKit.framework; sourceTree = "<absolute>"; };
		29B97325FDCFA39411CA2CEA /* Foundation.framework */ = {isa = PBXFileReference; lastKnownFileType = wrapper.framework; name = Foundation.framework; path = /System/Library/Frameworks/Foundation.framework; sourceTree = "<absolute>"; };
		4DDCA7110ACC9A6100E082CE /* Info.plist */ = {isa = PBXFileReference; lastKnownFileType = text.xml; path = Info.plist; sourceTree = "<group>"; };
		E11A1B040DB0BA6500732A93 /* rspactor-core.rb */ = {isa = PBXFileReference; fileEncoding = 4; lastKnownFileType = text.script.ruby; path = "rspactor-core.rb"; sourceTree = "<group>"; };
		E11A1B150DB0BE4C00732A93 /* remote_result.rb */ = {isa = PBXFileReference; fileEncoding = 4; lastKnownFileType = text.script.ruby; path = remote_result.rb; sourceTree = "<group>"; };
		E11A1B180DB0C0BD00732A93 /* local_service.rb */ = {isa = PBXFileReference; fileEncoding = 4; lastKnownFileType = text.script.ruby; path = local_service.rb; sourceTree = "<group>"; };
		E12B55330DAFF907002651EA /* SpecTable.rb */ = {isa = PBXFileReference; fileEncoding = 4; lastKnownFileType = text.script.ruby; path = SpecTable.rb; sourceTree = "<group>"; };
		E1385BDB0DB91E3E00B13C60 /* APPL.icns */ = {isa = PBXFileReference; lastKnownFileType = image.icns; path = APPL.icns; sourceTree = "<group>"; };
		E138656E0DB9360A00B13C60 /* add_16.png */ = {isa = PBXFileReference; lastKnownFileType = image.png; path = add_16.png; sourceTree = "<group>"; };
		E13865710DB9361400B13C60 /* add_515.png */ = {isa = PBXFileReference; lastKnownFileType = image.png; path = add_515.png; sourceTree = "<group>"; };
		E13865F30DB9476400B13C60 /* remove_16.png */ = {isa = PBXFileReference; lastKnownFileType = image.png; path = remove_16.png; sourceTree = "<group>"; };
		E13865F40DB9476400B13C60 /* warning_16.png */ = {isa = PBXFileReference; lastKnownFileType = image.png; path = warning_16.png; sourceTree = "<group>"; };
		E138660C0DB94A5E00B13C60 /* accept_128.png */ = {isa = PBXFileReference; lastKnownFileType = image.png; path = accept_128.png; sourceTree = "<group>"; };
		E138660D0DB94A5E00B13C60 /* remove_128.png */ = {isa = PBXFileReference; lastKnownFileType = image.png; path = remove_128.png; sourceTree = "<group>"; };
		E138660E0DB94A5E00B13C60 /* warning_128.png */ = {isa = PBXFileReference; lastKnownFileType = image.png; path = warning_128.png; sourceTree = "<group>"; };
		E17BFD7C0DB0294800E78CCC /* spec.rb */ = {isa = PBXFileReference; fileEncoding = 4; lastKnownFileType = text.script.ruby; path = spec.rb; sourceTree = "<group>"; };
		E17CFC8A0DB0B91D0022A24E /* command.rb */ = {isa = PBXFileReference; fileEncoding = 4; lastKnownFileType = text.script.ruby; path = command.rb; sourceTree = "<group>"; };
		E17CFC8B0DB0B91D0022A24E /* inspection.rb */ = {isa = PBXFileReference; fileEncoding = 4; lastKnownFileType = text.script.ruby; path = inspection.rb; sourceTree = "<group>"; };
		E17CFC8C0DB0B91D0022A24E /* runtime.rb */ = {isa = PBXFileReference; fileEncoding = 4; lastKnownFileType = text.script.ruby; path = runtime.rb; sourceTree = "<group>"; };
		E18DE6840DB01EE300018473 /* interop.rb */ = {isa = PBXFileReference; fileEncoding = 4; lastKnownFileType = text.script.ruby; path = interop.rb; sourceTree = "<group>"; };
		E1AAE1F20DB2B06A00C03126 /* Callback.rb */ = {isa = PBXFileReference; fileEncoding = 4; lastKnownFileType = text.script.ruby; path = Callback.rb; sourceTree = "<group>"; };
		E1AAE2050DB2B66000C03126 /* open4.rb */ = {isa = PBXFileReference; fileEncoding = 4; lastKnownFileType = text.script.ruby; path = open4.rb; sourceTree = "<group>"; };
		E1C19B790DB8016200075B08 /* PrefController.rb */ = {isa = PBXFileReference; fileEncoding = 4; lastKnownFileType = text.script.ruby; path = PrefController.rb; sourceTree = "<group>"; };
		E1D9F0DF0DB17A39009B2E6C /* listener.rb */ = {isa = PBXFileReference; fileEncoding = 4; lastKnownFileType = text.script.ruby; path = listener.rb; sourceTree = "<group>"; };
		E1D9F1150DB189CD009B2E6C /* rspactor_bin.rb */ = {isa = PBXFileReference; fileEncoding = 4; lastKnownFileType = text.script.ruby; path = rspactor_bin.rb; sourceTree = "<group>"; };
		E1E70C990DAAC8B900024ABC /* WindowController.rb */ = {isa = PBXFileReference; fileEncoding = 4; lastKnownFileType = text.script.ruby; path = WindowController.rb; sourceTree = "<group>"; };
		E1EA1E560DB7F13700610423 /* Sparkle.framework */ = {isa = PBXFileReference; lastKnownFileType = wrapper.framework; name = Sparkle.framework; path = "deps/Sparkle-1.1/Sparkle.framework"; sourceTree = "<group>"; };
		E1F692570DB55B3800874F15 /* RSpactor.app */ = {isa = PBXFileReference; explicitFileType = wrapper.application; includeInIndex = 0; path = RSpactor.app; sourceTree = BUILT_PRODUCTS_DIR; };
		E1FA4D990DB173860017B786 /* Growl.rb */ = {isa = PBXFileReference; fileEncoding = 4; lastKnownFileType = text.script.ruby; path = Growl.rb; sourceTree = "<group>"; };
		E8F5E24E03AEB6EC03A81C6F /* RubyCocoa.framework */ = {isa = PBXFileReference; lastKnownFileType = wrapper.framework; name = RubyCocoa.framework; path = /System/Library/Frameworks/RubyCocoa.framework; sourceTree = "<absolute>"; };
		E8F5E25803AEB7C803A81C6F /* rb_main.rb */ = {isa = PBXFileReference; lastKnownFileType = text.script.ruby; path = rb_main.rb; sourceTree = "<group>"; };
/* End PBXFileReference section */

/* Begin PBXFrameworksBuildPhase section */
		4DDCA70B0ACC9A6100E082CE /* Frameworks */ = {
			isa = PBXFrameworksBuildPhase;
			buildActionMask = 2147483647;
			files = (
				4DDCA70C0ACC9A6100E082CE /* Cocoa.framework in Frameworks */,
				4DDCA70D0ACC9A6100E082CE /* RubyCocoa.framework in Frameworks */,
				E1EA1E570DB7F13700610423 /* Sparkle.framework in Frameworks */,
			);
			runOnlyForDeploymentPostprocessing = 0;
		};
/* End PBXFrameworksBuildPhase section */

/* Begin PBXGroup section */
		080E96DDFE201D6D7F000001 /* Classes */ = {
			isa = PBXGroup;
			children = (
				E18DE6780DB01E6F00018473 /* rspactor-core */,
				E1E70C990DAAC8B900024ABC /* WindowController.rb */,
				E12B55330DAFF907002651EA /* SpecTable.rb */,
				E1FA4D990DB173860017B786 /* Growl.rb */,
				E1AAE1F20DB2B06A00C03126 /* Callback.rb */,
				E1C19B790DB8016200075B08 /* PrefController.rb */,
			);
			name = Classes;
			sourceTree = "<group>";
		};
		1058C7A0FEA54F0111CA2CBB /* Linked Frameworks */ = {
			isa = PBXGroup;
			children = (
				E1EA1E560DB7F13700610423 /* Sparkle.framework */,
				1058C7A1FEA54F0111CA2CBB /* Cocoa.framework */,
				E8F5E24E03AEB6EC03A81C6F /* RubyCocoa.framework */,
			);
			name = "Linked Frameworks";
			sourceTree = "<group>";
		};
		1058C7A2FEA54F0111CA2CBB /* Other Frameworks */ = {
			isa = PBXGroup;
			children = (
				29B97325FDCFA39411CA2CEA /* Foundation.framework */,
				29B97324FDCFA39411CA2CEA /* AppKit.framework */,
			);
			name = "Other Frameworks";
			sourceTree = "<group>";
		};
		19C28FACFE9D520D11CA2CBB /* Products */ = {
			isa = PBXGroup;
			children = (
				E1F692570DB55B3800874F15 /* RSpactor.app */,
			);
			name = Products;
			sourceTree = "<group>";
		};
		29B97314FDCFA39411CA2CEA /* RSpactor */ = {
			isa = PBXGroup;
			children = (
				E1385BDB0DB91E3E00B13C60 /* APPL.icns */,
				080E96DDFE201D6D7F000001 /* Classes */,
				29B97315FDCFA39411CA2CEA /* Other Sources */,
				29B97317FDCFA39411CA2CEA /* Resources */,
				29B97323FDCFA39411CA2CEA /* Frameworks */,
				19C28FACFE9D520D11CA2CBB /* Products */,
				4DDCA7110ACC9A6100E082CE /* Info.plist */,
			);
			name = RSpactor;
			sourceTree = "<group>";
		};
		29B97315FDCFA39411CA2CEA /* Other Sources */ = {
			isa = PBXGroup;
			children = (
				29B97316FDCFA39411CA2CEA /* main.m */,
				E8F5E25803AEB7C803A81C6F /* rb_main.rb */,
			);
			name = "Other Sources";
			sourceTree = "<group>";
		};
		29B97317FDCFA39411CA2CEA /* Resources */ = {
			isa = PBXGroup;
			children = (
				E138656C0DB935F900B13C60 /* Assets */,
				29B97318FDCFA39411CA2CEA /* MainMenu.nib */,
				E1D9F1150DB189CD009B2E6C /* rspactor_bin.rb */,
			);
			name = Resources;
			sourceTree = "<group>";
		};
		29B97323FDCFA39411CA2CEA /* Frameworks */ = {
			isa = PBXGroup;
			children = (
				1058C7A0FEA54F0111CA2CBB /* Linked Frameworks */,
				1058C7A2FEA54F0111CA2CBB /* Other Frameworks */,
			);
			name = Frameworks;
			sourceTree = "<group>";
		};
		E138656C0DB935F900B13C60 /* Assets */ = {
			isa = PBXGroup;
			children = (
				E138660B0DB94A5E00B13C60 /* 128 */,
				E13865700DB9361400B13C60 /* 512 */,
				E138656D0DB9360A00B13C60 /* 16 */,
			);
			name = Assets;
			sourceTree = "<group>";
		};
		E138656D0DB9360A00B13C60 /* 16 */ = {
			isa = PBXGroup;
			children = (
				E13865F30DB9476400B13C60 /* remove_16.png */,
				E13865F40DB9476400B13C60 /* warning_16.png */,
				E138656E0DB9360A00B13C60 /* add_16.png */,
			);
			name = 16;
			path = assets/16;
			sourceTree = "<group>";
		};
		E13865700DB9361400B13C60 /* 512 */ = {
			isa = PBXGroup;
			children = (
				E13865710DB9361400B13C60 /* add_515.png */,
			);
			name = 512;
			path = assets/512;
			sourceTree = "<group>";
		};
		E138660B0DB94A5E00B13C60 /* 128 */ = {
			isa = PBXGroup;
			children = (
				E138660C0DB94A5E00B13C60 /* accept_128.png */,
				E138660D0DB94A5E00B13C60 /* remove_128.png */,
				E138660E0DB94A5E00B13C60 /* warning_128.png */,
			);
			name = 128;
			path = assets/128;
			sourceTree = "<group>";
		};
		E18DE6780DB01E6F00018473 /* rspactor-core */ = {
			isa = PBXGroup;
			children = (
				E11A1B040DB0BA6500732A93 /* rspactor-core.rb */,
				E18DE6790DB01E6F00018473 /* lib */,
			);
			path = "rspactor-core";
			sourceTree = "<group>";
		};
		E18DE6790DB01E6F00018473 /* lib */ = {
			isa = PBXGroup;
			children = (
				E1D9F0DF0DB17A39009B2E6C /* listener.rb */,
				E11A1B180DB0C0BD00732A93 /* local_service.rb */,
				E11A1B150DB0BE4C00732A93 /* remote_result.rb */,
				E17CFC8A0DB0B91D0022A24E /* command.rb */,
				E17CFC8B0DB0B91D0022A24E /* inspection.rb */,
				E17CFC8C0DB0B91D0022A24E /* runtime.rb */,
				E17BFD7C0DB0294800E78CCC /* spec.rb */,
				E18DE6840DB01EE300018473 /* interop.rb */,
				E1AAE2050DB2B66000C03126 /* open4.rb */,
			);
			path = lib;
			sourceTree = "<group>";
		};
/* End PBXGroup section */

/* Begin PBXHeadersBuildPhase section */
		4DDCA7040ACC9A6100E082CE /* Headers */ = {
			isa = PBXHeadersBuildPhase;
			buildActionMask = 2147483647;
			files = (
			);
			runOnlyForDeploymentPostprocessing = 0;
		};
/* End PBXHeadersBuildPhase section */

/* Begin PBXNativeTarget section */
		4DDCA7030ACC9A6100E082CE /* RSpactor */ = {
			isa = PBXNativeTarget;
			buildConfigurationList = 4DDCA70E0ACC9A6100E082CE /* Build configuration list for PBXNativeTarget "RSpactor" */;
			buildPhases = (
				4DDCA7040ACC9A6100E082CE /* Headers */,
				4DDCA7050ACC9A6100E082CE /* Resources */,
				4DDCA7090ACC9A6100E082CE /* Sources */,
				4DDCA70B0ACC9A6100E082CE /* Frameworks */,
				E1F692C80DB55E3600874F15 /* CopyFiles */,
			);
			buildRules = (
			);
			dependencies = (
			);
			name = RSpactor;
			productInstallPath = "$(HOME)/Applications";
			productName = RSpactor;
			productReference = E1F692570DB55B3800874F15 /* RSpactor.app */;
			productType = "com.apple.product-type.application";
		};
/* End PBXNativeTarget section */

/* Begin PBXProject section */
		29B97313FDCFA39411CA2CEA /* Project object */ = {
			isa = PBXProject;
			buildConfigurationList = 4D7A7B570ABF745500C2D4C0 /* Build configuration list for PBXProject "RSpactor" */;
			compatibilityVersion = "Xcode 3.0";
			hasScannedForEncodings = 0;
			mainGroup = 29B97314FDCFA39411CA2CEA /* RSpactor */;
			projectDirPath = "";
			projectRoot = "";
			targets = (
				4DDCA7030ACC9A6100E082CE /* RSpactor */,
			);
		};
/* End PBXProject section */

/* Begin PBXResourcesBuildPhase section */
		4DDCA7050ACC9A6100E082CE /* Resources */ = {
			isa = PBXResourcesBuildPhase;
			buildActionMask = 2147483647;
			files = (
				4DDCA7060ACC9A6100E082CE /* MainMenu.nib in Resources */,
				4DDCA7080ACC9A6100E082CE /* rb_main.rb in Resources */,
				E1E70C9A0DAAC8B900024ABC /* WindowController.rb in Resources */,
				E12B55340DAFF907002651EA /* SpecTable.rb in Resources */,
				E18DE6850DB01EE300018473 /* interop.rb in Resources */,
				E17BFD7D0DB0294800E78CCC /* spec.rb in Resources */,
				E17CFC8D0DB0B91D0022A24E /* command.rb in Resources */,
				E17CFC8E0DB0B91D0022A24E /* inspection.rb in Resources */,
				E17CFC8F0DB0B91D0022A24E /* runtime.rb in Resources */,
				E11A1B050DB0BA6500732A93 /* rspactor-core.rb in Resources */,
				E11A1B160DB0BE4C00732A93 /* remote_result.rb in Resources */,
				E11A1B190DB0C0BD00732A93 /* local_service.rb in Resources */,
				E1FA4D9A0DB173860017B786 /* Growl.rb in Resources */,
				E1D9F0E00DB17A39009B2E6C /* listener.rb in Resources */,
				E1D9F1160DB189CD009B2E6C /* rspactor_bin.rb in Resources */,
				E1AAE1F30DB2B06A00C03126 /* Callback.rb in Resources */,
				E1AAE2060DB2B66000C03126 /* open4.rb in Resources */,
				E1C19B7A0DB8016200075B08 /* PrefController.rb in Resources */,
				E1385BDC0DB91E3E00B13C60 /* APPL.icns in Resources */,
				E138656F0DB9360A00B13C60 /* add_16.png in Resources */,
				E13865720DB9361400B13C60 /* add_515.png in Resources */,
				E13865F50DB9476400B13C60 /* remove_16.png in Resources */,
				E13865F60DB9476400B13C60 /* warning_16.png in Resources */,
				E138660F0DB94A5E00B13C60 /* accept_128.png in Resources */,
				E13866100DB94A5E00B13C60 /* remove_128.png in Resources */,
				E13866110DB94A5E00B13C60 /* warning_128.png in Resources */,
			);
			runOnlyForDeploymentPostprocessing = 0;
		};
/* End PBXResourcesBuildPhase section */

/* Begin PBXSourcesBuildPhase section */
		4DDCA7090ACC9A6100E082CE /* Sources */ = {
			isa = PBXSourcesBuildPhase;
			buildActionMask = 2147483647;
			files = (
				4DDCA70A0ACC9A6100E082CE /* main.m in Sources */,
			);
			runOnlyForDeploymentPostprocessing = 0;
		};
/* End PBXSourcesBuildPhase section */

/* Begin PBXVariantGroup section */
		29B97318FDCFA39411CA2CEA /* MainMenu.nib */ = {
			isa = PBXVariantGroup;
			children = (
				29B97319FDCFA39411CA2CEA /* English */,
			);
			name = MainMenu.nib;
			sourceTree = "<group>";
		};
/* End PBXVariantGroup section */

/* Begin XCBuildConfiguration section */
		4D7A7B580ABF745500C2D4C0 /* Debug */ = {
			isa = XCBuildConfiguration;
			buildSettings = {
				GCC_WARN_ABOUT_RETURN_TYPE = YES;
				GCC_WARN_UNUSED_VARIABLE = YES;
				PREBINDING = NO;
				SDKROOT = "$(DEVELOPER_SDK_DIR)/MacOSX10.5.sdk";
			};
			name = Debug;
		};
		4D7A7B590ABF745500C2D4C0 /* Release */ = {
			isa = XCBuildConfiguration;
			buildSettings = {
				ARCHS = (
					ppc,
					i386,
				);
				DEBUG_INFORMATION_FORMAT = "dwarf-with-dsym";
				GCC_WARN_ABOUT_RETURN_TYPE = YES;
				GCC_WARN_UNUSED_VARIABLE = YES;
				PREBINDING = NO;
				SDKROOT = "$(DEVELOPER_SDK_DIR)/MacOSX10.5.sdk";
			};
			name = Release;
		};
		4DDCA70F0ACC9A6100E082CE /* Debug */ = {
			isa = XCBuildConfiguration;
			buildSettings = {
				COPY_PHASE_STRIP = NO;
				FRAMEWORK_SEARCH_PATHS = (
					"$(inherited)",
					"\"$(SRCROOT)\"",
					"\"$(SRCROOT)/Sparkle-1.1\"",
					"\"$(SRCROOT)/deps/Sparkle-1.1\"",
				);
				GCC_DYNAMIC_NO_PIC = NO;
				GCC_ENABLE_FIX_AND_CONTINUE = YES;
				GCC_MODEL_TUNING = G5;
				GCC_OPTIMIZATION_LEVEL = 0;
				INFOPLIST_FILE = Info.plist;
				INSTALL_PATH = "$(HOME)/Applications";
				PRODUCT_NAME = RSpactor;
				WRAPPER_EXTENSION = app;
				ZERO_LINK = YES;
			};
			name = Debug;
		};
		4DDCA7100ACC9A6100E082CE /* Release */ = {
			isa = XCBuildConfiguration;
			buildSettings = {
				ARCHS = (
					ppc,
					i386,
				);
				FRAMEWORK_SEARCH_PATHS = (
					"$(inherited)",
					"\"$(SRCROOT)\"",
					"\"$(SRCROOT)/Sparkle-1.1\"",
					"\"$(SRCROOT)/deps/Sparkle-1.1\"",
				);
				GCC_MODEL_TUNING = G5;
				INFOPLIST_FILE = Info.plist;
				INSTALL_PATH = "$(HOME)/Applications";
				PRODUCT_NAME = RSpactor;
				WRAPPER_EXTENSION = app;
			};
			name = Release;
		};
/* End XCBuildConfiguration section */

/* Begin XCConfigurationList section */
		4D7A7B570ABF745500C2D4C0 /* Build configuration list for PBXProject "RSpactor" */ = {
			isa = XCConfigurationList;
			buildConfigurations = (
				4D7A7B580ABF745500C2D4C0 /* Debug */,
				4D7A7B590ABF745500C2D4C0 /* Release */,
			);
			defaultConfigurationIsVisible = 0;
			defaultConfigurationName = Release;
		};
		4DDCA70E0ACC9A6100E082CE /* Build configuration list for PBXNativeTarget "RSpactor" */ = {
			isa = XCConfigurationList;
			buildConfigurations = (
				4DDCA70F0ACC9A6100E082CE /* Debug */,
				4DDCA7100ACC9A6100E082CE /* Release */,
			);
			defaultConfigurationIsVisible = 0;
			defaultConfigurationName = Release;
		};
/* End XCConfigurationList section */
	};
	rootObject = 29B97313FDCFA39411CA2CEA /* Project object */;
}
