// !$*UTF8*$!
{
	archiveVersion = 1;
	classes = {
	};
	objectVersion = 42;
	objects = {

/* Begin PBXBuildFile section */
		4DDCA7070ACC9A6100E082CE /* InfoPlist.strings in Resources */ = {isa = PBXBuildFile; fileRef = 089C165CFE840E0CC02AAC07 /* InfoPlist.strings */; };
		4DDCA7080ACC9A6100E082CE /* rb_main.rb in Resources */ = {isa = PBXBuildFile; fileRef = E8F5E25803AEB7C803A81C6F /* rb_main.rb */; };
		4DDCA70A0ACC9A6100E082CE /* main.m in Sources */ = {isa = PBXBuildFile; fileRef = 29B97316FDCFA39411CA2CEA /* main.m */; settings = {ATTRIBUTES = (); }; };
		4DDCA70C0ACC9A6100E082CE /* Cocoa.framework in Frameworks */ = {isa = PBXBuildFile; fileRef = 1058C7A1FEA54F0111CA2CBB /* Cocoa.framework */; };
		84A168A20E68C78F005FF9F3 /* netbeans.rb in Resources */ = {isa = PBXBuildFile; fileRef = 84A168A10E68C78F005FF9F3 /* netbeans.rb */; };
		E107C5620DF84D1A00A62C3A /* WebKit.framework in Frameworks */ = {isa = PBXBuildFile; fileRef = E107C5610DF84D1A00A62C3A /* WebKit.framework */; };
		E11B10B70DFDE342006F6CFA /* ns_object.rb in Resources */ = {isa = PBXBuildFile; fileRef = E11B10B60DFDE342006F6CFA /* ns_object.rb */; };
		E12E4CBA0DFF221100355B0E /* growl_controller.rb in Resources */ = {isa = PBXBuildFile; fileRef = E12E4CB90DFF221100355B0E /* growl_controller.rb */; };
		E12E4CBD0DFF246100355B0E /* growl.rb in Resources */ = {isa = PBXBuildFile; fileRef = E12E4CBC0DFF246100355B0E /* growl.rb */; };
		E12E4CEF0DFF2E0500355B0E /* failure_128.png in Resources */ = {isa = PBXBuildFile; fileRef = E12E4CEC0DFF2E0500355B0E /* failure_128.png */; };
		E12E4CF00DFF2E0500355B0E /* warning_128.png in Resources */ = {isa = PBXBuildFile; fileRef = E12E4CED0DFF2E0500355B0E /* warning_128.png */; };
		E12E4CF90DFF308300355B0E /* pass_128.png in Resources */ = {isa = PBXBuildFile; fileRef = E12E4CF80DFF308300355B0E /* pass_128.png */; };
		E12F65900E3884F300C16DC6 /* Sparkle.framework in Frameworks */ = {isa = PBXBuildFile; fileRef = E12F658F0E3884F300C16DC6 /* Sparkle.framework */; };
		E12F65A90E38852300C16DC6 /* Sparkle.framework in CopyFiles */ = {isa = PBXBuildFile; fileRef = E12F658F0E3884F300C16DC6 /* Sparkle.framework */; };
		E13AF6050E0128670042D8BE /* rspactor_bin.rb in Resources */ = {isa = PBXBuildFile; fileRef = E13AF6040E0128670042D8BE /* rspactor_bin.rb */; };
		E143B0D40EA4B5AE00055FDB /* dashboard.html in Resources */ = {isa = PBXBuildFile; fileRef = E143B0D30EA4B5AE00055FDB /* dashboard.html */; };
		E143B0E40EA4B76800055FDB /* application.js in Sources */ = {isa = PBXBuildFile; fileRef = E143B0D80EA4B76800055FDB /* application.js */; };
		E143B0E50EA4B76800055FDB /* builder.js in Sources */ = {isa = PBXBuildFile; fileRef = E143B0D90EA4B76800055FDB /* builder.js */; };
		E143B0E60EA4B76800055FDB /* controls.js in Sources */ = {isa = PBXBuildFile; fileRef = E143B0DA0EA4B76800055FDB /* controls.js */; };
		E143B0E70EA4B76800055FDB /* dragdrop.js in Sources */ = {isa = PBXBuildFile; fileRef = E143B0DB0EA4B76800055FDB /* dragdrop.js */; };
		E143B0E80EA4B76800055FDB /* effects.js in Sources */ = {isa = PBXBuildFile; fileRef = E143B0DC0EA4B76800055FDB /* effects.js */; };
		E143B0E90EA4B76800055FDB /* prototype.js in Sources */ = {isa = PBXBuildFile; fileRef = E143B0DD0EA4B76800055FDB /* prototype.js */; };
		E143B0EA0EA4B76800055FDB /* scriptaculous.js in Sources */ = {isa = PBXBuildFile; fileRef = E143B0DE0EA4B76800055FDB /* scriptaculous.js */; };
		E143B0EB0EA4B76800055FDB /* slider.js in Sources */ = {isa = PBXBuildFile; fileRef = E143B0DF0EA4B76800055FDB /* slider.js */; };
		E143B0EC0EA4B76800055FDB /* sound.js in Sources */ = {isa = PBXBuildFile; fileRef = E143B0E00EA4B76800055FDB /* sound.js */; };
		E143B0ED0EA4B76800055FDB /* unittest.js in Sources */ = {isa = PBXBuildFile; fileRef = E143B0E10EA4B76800055FDB /* unittest.js */; };
		E143B0EE0EA4B76800055FDB /* style.css in Resources */ = {isa = PBXBuildFile; fileRef = E143B0E30EA4B76800055FDB /* style.css */; };
		E143B0F20EA4B8C900055FDB /* raw_output.html in Resources */ = {isa = PBXBuildFile; fileRef = E143B0F10EA4B8C900055FDB /* raw_output.html */; };
		E143B1100EA4BE3E00055FDB /* raw_output_view.rb in Resources */ = {isa = PBXBuildFile; fileRef = E143B10F0EA4BE3E00055FDB /* raw_output_view.rb */; };
		E144DF950EA505440003ADE4 /* application.js in CopyFiles */ = {isa = PBXBuildFile; fileRef = E143B0D80EA4B76800055FDB /* application.js */; };
		E144DF960EA505440003ADE4 /* builder.js in CopyFiles */ = {isa = PBXBuildFile; fileRef = E143B0D90EA4B76800055FDB /* builder.js */; };
		E144DF970EA505440003ADE4 /* controls.js in CopyFiles */ = {isa = PBXBuildFile; fileRef = E143B0DA0EA4B76800055FDB /* controls.js */; };
		E144DF980EA505440003ADE4 /* dragdrop.js in CopyFiles */ = {isa = PBXBuildFile; fileRef = E143B0DB0EA4B76800055FDB /* dragdrop.js */; };
		E144DF990EA505440003ADE4 /* effects.js in CopyFiles */ = {isa = PBXBuildFile; fileRef = E143B0DC0EA4B76800055FDB /* effects.js */; };
		E144DF9A0EA505440003ADE4 /* prototype.js in CopyFiles */ = {isa = PBXBuildFile; fileRef = E143B0DD0EA4B76800055FDB /* prototype.js */; };
		E144DF9B0EA505440003ADE4 /* scriptaculous.js in CopyFiles */ = {isa = PBXBuildFile; fileRef = E143B0DE0EA4B76800055FDB /* scriptaculous.js */; };
		E144DF9C0EA505440003ADE4 /* slider.js in CopyFiles */ = {isa = PBXBuildFile; fileRef = E143B0DF0EA4B76800055FDB /* slider.js */; };
		E144DF9D0EA505440003ADE4 /* sound.js in CopyFiles */ = {isa = PBXBuildFile; fileRef = E143B0E00EA4B76800055FDB /* sound.js */; };
		E144DF9E0EA505440003ADE4 /* unittest.js in CopyFiles */ = {isa = PBXBuildFile; fileRef = E143B0E10EA4B76800055FDB /* unittest.js */; };
		E144E0030EA532A80003ADE4 /* badge.png in Resources */ = {isa = PBXBuildFile; fileRef = E144E0020EA532A80003ADE4 /* badge.png */; };
		E145FF480EEC9BD40056D142 /* MainMenu.xib in Resources */ = {isa = PBXBuildFile; fileRef = E145FF460EEC9BD40056D142 /* MainMenu.xib */; };
		E14951780DFED46A006E0F89 /* spec_table.rb in Resources */ = {isa = PBXBuildFile; fileRef = E14951770DFED46A006E0F89 /* spec_table.rb */; };
		E151EBEC0E09A04500E11BB3 /* webview_controller.rb in Resources */ = {isa = PBXBuildFile; fileRef = E151EBEB0E09A04500E11BB3 /* webview_controller.rb */; };
		E151EC050E09A5A500E11BB3 /* spec_file.html in Resources */ = {isa = PBXBuildFile; fileRef = E151EC040E09A5A500E11BB3 /* spec_file.html */; };
		E151EC0C0E09AD5000E11BB3 /* spec_file_view.rb in Resources */ = {isa = PBXBuildFile; fileRef = E151EC0B0E09AD5000E11BB3 /* spec_file_view.rb */; };
		E151EC0F0E09B0F100E11BB3 /* html_view.rb in Resources */ = {isa = PBXBuildFile; fileRef = E151EC0E0E09B0F100E11BB3 /* html_view.rb */; };
		E16141AF0E23719E006BC96E /* converter.rb in Resources */ = {isa = PBXBuildFile; fileRef = E16141AE0E23719E006BC96E /* converter.rb */; };
		E16141BC0E2371A6006BC96E /* base_syntax.rb in Resources */ = {isa = PBXBuildFile; fileRef = E16141B10E2371A6006BC96E /* base_syntax.rb */; };
		E16141BD0E2371A6006BC96E /* common.rb in Resources */ = {isa = PBXBuildFile; fileRef = E16141B30E2371A6006BC96E /* common.rb */; };
		E16141BE0E2371A6006BC96E /* abstract.rb in Resources */ = {isa = PBXBuildFile; fileRef = E16141B50E2371A6006BC96E /* abstract.rb */; };
		E16141BF0E2371A6006BC96E /* html.rb in Resources */ = {isa = PBXBuildFile; fileRef = E16141B60E2371A6006BC96E /* html.rb */; };
		E16141C00E2371A6006BC96E /* ruby.rb in Resources */ = {isa = PBXBuildFile; fileRef = E16141B80E2371A6006BC96E /* ruby.rb */; };
		E16141C10E2371A6006BC96E /* xml.rb in Resources */ = {isa = PBXBuildFile; fileRef = E16141B90E2371A6006BC96E /* xml.rb */; };
		E16141C20E2371A6006BC96E /* yaml.rb in Resources */ = {isa = PBXBuildFile; fileRef = E16141BA0E2371A6006BC96E /* yaml.rb */; };
		E16141C30E2371A6006BC96E /* version.rb in Resources */ = {isa = PBXBuildFile; fileRef = E16141BB0E2371A6006BC96E /* version.rb */; };
		E16506870ED329DA000CEBCF /* example_file.rb in Resources */ = {isa = PBXBuildFile; fileRef = E16506860ED329DA000CEBCF /* example_file.rb */; };
		E16506890ED32A1C000CEBCF /* example_files.rb in Resources */ = {isa = PBXBuildFile; fileRef = E16506880ED32A1C000CEBCF /* example_files.rb */; };
		E168D7B60E715F140063AEDE /* APPL.icns in Resources */ = {isa = PBXBuildFile; fileRef = E168D7B50E715F140063AEDE /* APPL.icns */; };
		E18021CB0ED462DE002B6EC8 /* example_matcher.rb in Resources */ = {isa = PBXBuildFile; fileRef = E18021CA0ED462DE002B6EC8 /* example_matcher.rb */; };
		E18500EE0E4260E0003D4E1E /* textmate.rb in Resources */ = {isa = PBXBuildFile; fileRef = E18500ED0E4260E0003D4E1E /* textmate.rb */; };
		E193ED830DFAAADE00D17070 /* app_controller.rb in Resources */ = {isa = PBXBuildFile; fileRef = E193ED770DFAAADE00D17070 /* app_controller.rb */; };
		E193ED840DFAAADE00D17070 /* drawer_controller.rb in Resources */ = {isa = PBXBuildFile; fileRef = E193ED780DFAAADE00D17070 /* drawer_controller.rb */; };
		E193ED850DFAAADE00D17070 /* window_controller.rb in Resources */ = {isa = PBXBuildFile; fileRef = E193ED790DFAAADE00D17070 /* window_controller.rb */; };
		E193ED870DFAAADE00D17070 /* log.rb in Resources */ = {isa = PBXBuildFile; fileRef = E193ED7D0DFAAADE00D17070 /* log.rb */; };
		E193ED890DFAAADE00D17070 /* rspactor_formatter.rb in Resources */ = {isa = PBXBuildFile; fileRef = E193ED7F0DFAAADE00D17070 /* rspactor_formatter.rb */; };
		E193ED8A0DFAAADE00D17070 /* service.rb in Resources */ = {isa = PBXBuildFile; fileRef = E193ED800DFAAADE00D17070 /* service.rb */; };
		E193ED8B0DFAAADE00D17070 /* spec_object.rb in Resources */ = {isa = PBXBuildFile; fileRef = E193ED810DFAAADE00D17070 /* spec_object.rb */; };
		E193ED8C0DFAAADE00D17070 /* spec_runner.rb in Resources */ = {isa = PBXBuildFile; fileRef = E193ED820DFAAADE00D17070 /* spec_runner.rb */; };
		E19769C30E01265A003A0331 /* INSTALL.txt in Resources */ = {isa = PBXBuildFile; fileRef = E19769C00E01265A003A0331 /* INSTALL.txt */; };
		E19769C50E01265A003A0331 /* VERSION in Resources */ = {isa = PBXBuildFile; fileRef = E19769C20E01265A003A0331 /* VERSION */; };
		E1AF65FA0E7145B9007DF217 /* accept.icns in Resources */ = {isa = PBXBuildFile; fileRef = E1AF65C80E7145B9007DF217 /* accept.icns */; };
		E1AF65FB0E7145B9007DF217 /* accept_page.icns in Resources */ = {isa = PBXBuildFile; fileRef = E1AF65C90E7145B9007DF217 /* accept_page.icns */; };
		E1AF65FC0E7145B9007DF217 /* add.icns in Resources */ = {isa = PBXBuildFile; fileRef = E1AF65CA0E7145B9007DF217 /* add.icns */; };
		E1AF65FD0E7145B9007DF217 /* add_page.icns in Resources */ = {isa = PBXBuildFile; fileRef = E1AF65CB0E7145B9007DF217 /* add_page.icns */; };
		E1AF65FE0E7145B9007DF217 /* add_to_folder.icns in Resources */ = {isa = PBXBuildFile; fileRef = E1AF65CC0E7145B9007DF217 /* add_to_folder.icns */; };
		E1AF65FF0E7145B9007DF217 /* attachment.icns in Resources */ = {isa = PBXBuildFile; fileRef = E1AF65CD0E7145B9007DF217 /* attachment.icns */; };
		E1AF66000E7145B9007DF217 /* back.icns in Resources */ = {isa = PBXBuildFile; fileRef = E1AF65CE0E7145B9007DF217 /* back.icns */; };
		E1AF66010E7145B9007DF217 /* block.icns in Resources */ = {isa = PBXBuildFile; fileRef = E1AF65CF0E7145B9007DF217 /* block.icns */; };
		E1AF66020E7145B9007DF217 /* calendar.icns in Resources */ = {isa = PBXBuildFile; fileRef = E1AF65D00E7145B9007DF217 /* calendar.icns */; };
		E1AF66030E7145B9007DF217 /* calendar_empty.icns in Resources */ = {isa = PBXBuildFile; fileRef = E1AF65D10E7145B9007DF217 /* calendar_empty.icns */; };
		E1AF66040E7145B9007DF217 /* chart.icns in Resources */ = {isa = PBXBuildFile; fileRef = E1AF65D20E7145B9007DF217 /* chart.icns */; };
		E1AF66050E7145B9007DF217 /* chart_pie.icns in Resources */ = {isa = PBXBuildFile; fileRef = E1AF65D30E7145B9007DF217 /* chart_pie.icns */; };
		E1AF66060E7145B9007DF217 /* clock.icns in Resources */ = {isa = PBXBuildFile; fileRef = E1AF65D40E7145B9007DF217 /* clock.icns */; };
		E1AF66070E7145B9007DF217 /* comment.icns in Resources */ = {isa = PBXBuildFile; fileRef = E1AF65D50E7145B9007DF217 /* comment.icns */; };
		E1AF66080E7145B9007DF217 /* comments.icns in Resources */ = {isa = PBXBuildFile; fileRef = E1AF65D60E7145B9007DF217 /* comments.icns */; };
		E1AF66090E7145B9007DF217 /* delete.icns in Resources */ = {isa = PBXBuildFile; fileRef = E1AF65D70E7145B9007DF217 /* delete.icns */; };
		E1AF660A0E7145B9007DF217 /* delete_folder.icns in Resources */ = {isa = PBXBuildFile; fileRef = E1AF65D80E7145B9007DF217 /* delete_folder.icns */; };
		E1AF660B0E7145B9007DF217 /* delete_page.icns in Resources */ = {isa = PBXBuildFile; fileRef = E1AF65D90E7145B9007DF217 /* delete_page.icns */; };
		E1AF660C0E7145B9007DF217 /* download.icns in Resources */ = {isa = PBXBuildFile; fileRef = E1AF65DA0E7145B9007DF217 /* download.icns */; };
		E1AF660D0E7145B9007DF217 /* favorite.icns in Resources */ = {isa = PBXBuildFile; fileRef = E1AF65DB0E7145B9007DF217 /* favorite.icns */; };
		E1AF660E0E7145B9007DF217 /* folder.icns in Resources */ = {isa = PBXBuildFile; fileRef = E1AF65DC0E7145B9007DF217 /* folder.icns */; };
		E1AF660F0E7145B9007DF217 /* folder_accept.icns in Resources */ = {isa = PBXBuildFile; fileRef = E1AF65DD0E7145B9007DF217 /* folder_accept.icns */; };
		E1AF66100E7145B9007DF217 /* folder_full.icns in Resources */ = {isa = PBXBuildFile; fileRef = E1AF65DE0E7145B9007DF217 /* folder_full.icns */; };
		E1AF66110E7145B9007DF217 /* full_page.icns in Resources */ = {isa = PBXBuildFile; fileRef = E1AF65DF0E7145B9007DF217 /* full_page.icns */; };
		E1AF66120E7145B9007DF217 /* heart.icns in Resources */ = {isa = PBXBuildFile; fileRef = E1AF65E00E7145B9007DF217 /* heart.icns */; };
		E1AF66130E7145B9007DF217 /* help.icns in Resources */ = {isa = PBXBuildFile; fileRef = E1AF65E10E7145B9007DF217 /* help.icns */; };
		E1AF66140E7145B9007DF217 /* info.icns in Resources */ = {isa = PBXBuildFile; fileRef = E1AF65E20E7145B9007DF217 /* info.icns */; };
		E1AF66150E7145B9007DF217 /* lock.icns in Resources */ = {isa = PBXBuildFile; fileRef = E1AF65E30E7145B9007DF217 /* lock.icns */; };
		E1AF66160E7145B9007DF217 /* mail.icns in Resources */ = {isa = PBXBuildFile; fileRef = E1AF65E40E7145B9007DF217 /* mail.icns */; };
		E1AF66170E7145B9007DF217 /* mail_lock.icns in Resources */ = {isa = PBXBuildFile; fileRef = E1AF65E50E7145B9007DF217 /* mail_lock.icns */; };
		E1AF66180E7145B9007DF217 /* mail_receive.icns in Resources */ = {isa = PBXBuildFile; fileRef = E1AF65E60E7145B9007DF217 /* mail_receive.icns */; };
		E1AF66190E7145B9007DF217 /* mail_search.icns in Resources */ = {isa = PBXBuildFile; fileRef = E1AF65E70E7145B9007DF217 /* mail_search.icns */; };
		E1AF661A0E7145B9007DF217 /* mail_send.icns in Resources */ = {isa = PBXBuildFile; fileRef = E1AF65E80E7145B9007DF217 /* mail_send.icns */; };
		E1AF661B0E7145B9007DF217 /* new_page.icns in Resources */ = {isa = PBXBuildFile; fileRef = E1AF65E90E7145B9007DF217 /* new_page.icns */; };
		E1AF661C0E7145B9007DF217 /* next.icns in Resources */ = {isa = PBXBuildFile; fileRef = E1AF65EA0E7145B9007DF217 /* next.icns */; };
		E1AF661D0E7145B9007DF217 /* page_process.icns in Resources */ = {isa = PBXBuildFile; fileRef = E1AF65EB0E7145B9007DF217 /* page_process.icns */; };
		E1AF661E0E7145B9007DF217 /* process.icns in Resources */ = {isa = PBXBuildFile; fileRef = E1AF65EC0E7145B9007DF217 /* process.icns */; };
		E1AF661F0E7145B9007DF217 /* promotion.icns in Resources */ = {isa = PBXBuildFile; fileRef = E1AF65ED0E7145B9007DF217 /* promotion.icns */; };
		E1AF66200E7145B9007DF217 /* protection.icns in Resources */ = {isa = PBXBuildFile; fileRef = E1AF65EE0E7145B9007DF217 /* protection.icns */; };
		E1AF66210E7145B9007DF217 /* refresh.icns in Resources */ = {isa = PBXBuildFile; fileRef = E1AF65EF0E7145B9007DF217 /* refresh.icns */; };
		E1AF66220E7145B9007DF217 /* rss.icns in Resources */ = {isa = PBXBuildFile; fileRef = E1AF65F00E7145B9007DF217 /* rss.icns */; };
		E1AF66230E7145B9007DF217 /* search.icns in Resources */ = {isa = PBXBuildFile; fileRef = E1AF65F10E7145B9007DF217 /* search.icns */; };
		E1AF66240E7145B9007DF217 /* search_page.icns in Resources */ = {isa = PBXBuildFile; fileRef = E1AF65F20E7145B9007DF217 /* search_page.icns */; };
		E1AF66250E7145B9007DF217 /* tag_blue.icns in Resources */ = {isa = PBXBuildFile; fileRef = E1AF65F30E7145B9007DF217 /* tag_blue.icns */; };
		E1AF66260E7145B9007DF217 /* tag_green.icns in Resources */ = {isa = PBXBuildFile; fileRef = E1AF65F40E7145B9007DF217 /* tag_green.icns */; };
		E1AF66270E7145B9007DF217 /* text_page.icns in Resources */ = {isa = PBXBuildFile; fileRef = E1AF65F50E7145B9007DF217 /* text_page.icns */; };
		E1AF66280E7145B9007DF217 /* unlock.icns in Resources */ = {isa = PBXBuildFile; fileRef = E1AF65F60E7145B9007DF217 /* unlock.icns */; };
		E1AF66290E7145B9007DF217 /* user.icns in Resources */ = {isa = PBXBuildFile; fileRef = E1AF65F70E7145B9007DF217 /* user.icns */; };
		E1AF662A0E7145B9007DF217 /* users.icns in Resources */ = {isa = PBXBuildFile; fileRef = E1AF65F80E7145B9007DF217 /* users.icns */; };
		E1AF662B0E7145B9007DF217 /* warning.icns in Resources */ = {isa = PBXBuildFile; fileRef = E1AF65F90E7145B9007DF217 /* warning.icns */; };
		E1B27ED50E2CEE230005DBFF /* RubyCocoa.framework in Frameworks */ = {isa = PBXBuildFile; fileRef = E1B27ED40E2CEE230005DBFF /* RubyCocoa.framework */; };
		E1B27EDD0E2CEED40005DBFF /* Ruby.framework in Frameworks */ = {isa = PBXBuildFile; fileRef = E1B27EDC0E2CEED40005DBFF /* Ruby.framework */; };
		E1B27F140E2D44190005DBFF /* arrow-down.png in Resources */ = {isa = PBXBuildFile; fileRef = E1B27F120E2D44190005DBFF /* arrow-down.png */; };
		E1B27F150E2D44190005DBFF /* arrow-right.png in Resources */ = {isa = PBXBuildFile; fileRef = E1B27F130E2D44190005DBFF /* arrow-right.png */; };
		E1B605290EE2DF6F00421AEF /* example_runner_job.rb in Resources */ = {isa = PBXBuildFile; fileRef = E1B605280EE2DF6F00421AEF /* example_runner_job.rb */; };
		E1B87B9C0ED71FCC00B532F2 /* runner_queue.rb in Resources */ = {isa = PBXBuildFile; fileRef = E1B87B9B0ED71FCC00B532F2 /* runner_queue.rb */; };
		E1BBE45E0E002E45004724B8 /* listener.rb in Resources */ = {isa = PBXBuildFile; fileRef = E1BBE45D0E002E45004724B8 /* listener.rb */; };
		E1BBE4700E003140004724B8 /* Carbon.framework in Frameworks */ = {isa = PBXBuildFile; fileRef = E1BBE46F0E003140004724B8 /* Carbon.framework */; };
		E1C7449C0E086A1B006DB94E /* preferences_controller.rb in Resources */ = {isa = PBXBuildFile; fileRef = E1C7449B0E086A1B006DB94E /* preferences_controller.rb */; };
		E1E958310E55A4F9006C3B9B /* string.rb in Resources */ = {isa = PBXBuildFile; fileRef = E1E958300E55A4F9006C3B9B /* string.rb */; };
/* End PBXBuildFile section */

/* Begin PBXCopyFilesBuildPhase section */
		E12F65AB0E38852700C16DC6 /* CopyFiles */ = {
			isa = PBXCopyFilesBuildPhase;
			buildActionMask = 2147483647;
			dstPath = "";
			dstSubfolderSpec = 10;
			files = (
				E12F65A90E38852300C16DC6 /* Sparkle.framework in CopyFiles */,
			);
			runOnlyForDeploymentPostprocessing = 0;
		};
		E144DFA00EA505510003ADE4 /* CopyFiles */ = {
			isa = PBXCopyFilesBuildPhase;
			buildActionMask = 2147483647;
			dstPath = "";
			dstSubfolderSpec = 7;
			files = (
				E144DF950EA505440003ADE4 /* application.js in CopyFiles */,
				E144DF960EA505440003ADE4 /* builder.js in CopyFiles */,
				E144DF970EA505440003ADE4 /* controls.js in CopyFiles */,
				E144DF980EA505440003ADE4 /* dragdrop.js in CopyFiles */,
				E144DF990EA505440003ADE4 /* effects.js in CopyFiles */,
				E144DF9A0EA505440003ADE4 /* prototype.js in CopyFiles */,
				E144DF9B0EA505440003ADE4 /* scriptaculous.js in CopyFiles */,
				E144DF9C0EA505440003ADE4 /* slider.js in CopyFiles */,
				E144DF9D0EA505440003ADE4 /* sound.js in CopyFiles */,
				E144DF9E0EA505440003ADE4 /* unittest.js in CopyFiles */,
			);
			runOnlyForDeploymentPostprocessing = 0;
		};
/* End PBXCopyFilesBuildPhase section */

/* Begin PBXFileReference section */
		089C165DFE840E0CC02AAC07 /* English */ = {isa = PBXFileReference; fileEncoding = 10; lastKnownFileType = text.plist.strings; name = English; path = English.lproj/InfoPlist.strings; sourceTree = "<group>"; };
		1058C7A1FEA54F0111CA2CBB /* Cocoa.framework */ = {isa = PBXFileReference; lastKnownFileType = wrapper.framework; name = Cocoa.framework; path = /System/Library/Frameworks/Cocoa.framework; sourceTree = "<absolute>"; };
		29B97316FDCFA39411CA2CEA /* main.m */ = {isa = PBXFileReference; fileEncoding = 30; lastKnownFileType = sourcecode.c.objc; path = main.m; sourceTree = "<group>"; };
		29B97324FDCFA39411CA2CEA /* AppKit.framework */ = {isa = PBXFileReference; lastKnownFileType = wrapper.framework; name = AppKit.framework; path = /System/Library/Frameworks/AppKit.framework; sourceTree = "<absolute>"; };
		29B97325FDCFA39411CA2CEA /* Foundation.framework */ = {isa = PBXFileReference; lastKnownFileType = wrapper.framework; name = Foundation.framework; path = /System/Library/Frameworks/Foundation.framework; sourceTree = "<absolute>"; };
		4DDCA7110ACC9A6100E082CE /* Info.plist */ = {isa = PBXFileReference; lastKnownFileType = text.plist.xml; path = Info.plist; sourceTree = "<group>"; };
		4DDCA7120ACC9A6100E082CE /* RSpactor.app */ = {isa = PBXFileReference; explicitFileType = wrapper.application; includeInIndex = 0; path = RSpactor.app; sourceTree = BUILT_PRODUCTS_DIR; };
		84A168A10E68C78F005FF9F3 /* netbeans.rb */ = {isa = PBXFileReference; fileEncoding = 4; lastKnownFileType = text.script.ruby; path = netbeans.rb; sourceTree = "<group>"; };
		E107C5610DF84D1A00A62C3A /* WebKit.framework */ = {isa = PBXFileReference; lastKnownFileType = wrapper.framework; name = WebKit.framework; path = /System/Library/Frameworks/WebKit.framework; sourceTree = "<absolute>"; };
		E11B10B60DFDE342006F6CFA /* ns_object.rb */ = {isa = PBXFileReference; fileEncoding = 4; lastKnownFileType = text.script.ruby; path = ns_object.rb; sourceTree = "<group>"; };
		E12E4CB90DFF221100355B0E /* growl_controller.rb */ = {isa = PBXFileReference; fileEncoding = 4; lastKnownFileType = text.script.ruby; path = growl_controller.rb; sourceTree = "<group>"; };
		E12E4CBC0DFF246100355B0E /* growl.rb */ = {isa = PBXFileReference; fileEncoding = 4; lastKnownFileType = text.script.ruby; path = growl.rb; sourceTree = "<group>"; };
		E12E4CEC0DFF2E0500355B0E /* failure_128.png */ = {isa = PBXFileReference; lastKnownFileType = image.png; path = failure_128.png; sourceTree = "<group>"; };
		E12E4CED0DFF2E0500355B0E /* warning_128.png */ = {isa = PBXFileReference; lastKnownFileType = image.png; path = warning_128.png; sourceTree = "<group>"; };
		E12E4CF80DFF308300355B0E /* pass_128.png */ = {isa = PBXFileReference; lastKnownFileType = image.png; path = pass_128.png; sourceTree = "<group>"; };
		E12F658F0E3884F300C16DC6 /* Sparkle.framework */ = {isa = PBXFileReference; lastKnownFileType = wrapper.framework; path = Sparkle.framework; sourceTree = "<group>"; };
		E13AF6040E0128670042D8BE /* rspactor_bin.rb */ = {isa = PBXFileReference; fileEncoding = 4; lastKnownFileType = text.script.ruby; path = rspactor_bin.rb; sourceTree = "<group>"; };
		E143B0D30EA4B5AE00055FDB /* dashboard.html */ = {isa = PBXFileReference; fileEncoding = 4; lastKnownFileType = text.html; path = dashboard.html; sourceTree = "<group>"; };
		E143B0D80EA4B76800055FDB /* application.js */ = {isa = PBXFileReference; fileEncoding = 4; lastKnownFileType = sourcecode.javascript; path = application.js; sourceTree = "<group>"; };
		E143B0D90EA4B76800055FDB /* builder.js */ = {isa = PBXFileReference; fileEncoding = 4; lastKnownFileType = sourcecode.javascript; path = builder.js; sourceTree = "<group>"; };
		E143B0DA0EA4B76800055FDB /* controls.js */ = {isa = PBXFileReference; fileEncoding = 4; lastKnownFileType = sourcecode.javascript; path = controls.js; sourceTree = "<group>"; };
		E143B0DB0EA4B76800055FDB /* dragdrop.js */ = {isa = PBXFileReference; fileEncoding = 4; lastKnownFileType = sourcecode.javascript; path = dragdrop.js; sourceTree = "<group>"; };
		E143B0DC0EA4B76800055FDB /* effects.js */ = {isa = PBXFileReference; fileEncoding = 4; lastKnownFileType = sourcecode.javascript; path = effects.js; sourceTree = "<group>"; };
		E143B0DD0EA4B76800055FDB /* prototype.js */ = {isa = PBXFileReference; fileEncoding = 4; lastKnownFileType = sourcecode.javascript; path = prototype.js; sourceTree = "<group>"; };
		E143B0DE0EA4B76800055FDB /* scriptaculous.js */ = {isa = PBXFileReference; fileEncoding = 4; lastKnownFileType = sourcecode.javascript; path = scriptaculous.js; sourceTree = "<group>"; };
		E143B0DF0EA4B76800055FDB /* slider.js */ = {isa = PBXFileReference; fileEncoding = 4; lastKnownFileType = sourcecode.javascript; path = slider.js; sourceTree = "<group>"; };
		E143B0E00EA4B76800055FDB /* sound.js */ = {isa = PBXFileReference; fileEncoding = 4; lastKnownFileType = sourcecode.javascript; path = sound.js; sourceTree = "<group>"; };
		E143B0E10EA4B76800055FDB /* unittest.js */ = {isa = PBXFileReference; fileEncoding = 4; lastKnownFileType = sourcecode.javascript; path = unittest.js; sourceTree = "<group>"; };
		E143B0E30EA4B76800055FDB /* style.css */ = {isa = PBXFileReference; fileEncoding = 4; lastKnownFileType = text.css; path = style.css; sourceTree = "<group>"; };
		E143B0F10EA4B8C900055FDB /* raw_output.html */ = {isa = PBXFileReference; fileEncoding = 4; lastKnownFileType = text.html; path = raw_output.html; sourceTree = "<group>"; };
		E143B10F0EA4BE3E00055FDB /* raw_output_view.rb */ = {isa = PBXFileReference; fileEncoding = 4; lastKnownFileType = text.script.ruby; path = raw_output_view.rb; sourceTree = "<group>"; };
		E144E0020EA532A80003ADE4 /* badge.png */ = {isa = PBXFileReference; lastKnownFileType = image.png; path = badge.png; sourceTree = "<group>"; };
		E145FF470EEC9BD40056D142 /* English */ = {isa = PBXFileReference; lastKnownFileType = file.xib; name = English; path = English.lproj/MainMenu.xib; sourceTree = "<group>"; };
		E14951770DFED46A006E0F89 /* spec_table.rb */ = {isa = PBXFileReference; fileEncoding = 4; lastKnownFileType = text.script.ruby; path = spec_table.rb; sourceTree = "<group>"; };
		E151EBEB0E09A04500E11BB3 /* webview_controller.rb */ = {isa = PBXFileReference; fileEncoding = 4; lastKnownFileType = text.script.ruby; path = webview_controller.rb; sourceTree = "<group>"; };
		E151EC040E09A5A500E11BB3 /* spec_file.html */ = {isa = PBXFileReference; fileEncoding = 4; lastKnownFileType = text.html; path = spec_file.html; sourceTree = "<group>"; };
		E151EC0B0E09AD5000E11BB3 /* spec_file_view.rb */ = {isa = PBXFileReference; fileEncoding = 4; lastKnownFileType = text.script.ruby; path = spec_file_view.rb; sourceTree = "<group>"; };
		E151EC0E0E09B0F100E11BB3 /* html_view.rb */ = {isa = PBXFileReference; fileEncoding = 4; lastKnownFileType = text.script.ruby; path = html_view.rb; sourceTree = "<group>"; };
		E16141AE0E23719E006BC96E /* converter.rb */ = {isa = PBXFileReference; fileEncoding = 4; lastKnownFileType = text.script.ruby; path = converter.rb; sourceTree = "<group>"; };
		E16141B10E2371A6006BC96E /* base_syntax.rb */ = {isa = PBXFileReference; fileEncoding = 4; lastKnownFileType = text.script.ruby; path = base_syntax.rb; sourceTree = "<group>"; };
		E16141B30E2371A6006BC96E /* common.rb */ = {isa = PBXFileReference; fileEncoding = 4; lastKnownFileType = text.script.ruby; path = common.rb; sourceTree = "<group>"; };
		E16141B50E2371A6006BC96E /* abstract.rb */ = {isa = PBXFileReference; fileEncoding = 4; lastKnownFileType = text.script.ruby; path = abstract.rb; sourceTree = "<group>"; };
		E16141B60E2371A6006BC96E /* html.rb */ = {isa = PBXFileReference; fileEncoding = 4; lastKnownFileType = text.script.ruby; path = html.rb; sourceTree = "<group>"; };
		E16141B80E2371A6006BC96E /* ruby.rb */ = {isa = PBXFileReference; fileEncoding = 4; lastKnownFileType = text.script.ruby; path = ruby.rb; sourceTree = "<group>"; };
		E16141B90E2371A6006BC96E /* xml.rb */ = {isa = PBXFileReference; fileEncoding = 4; lastKnownFileType = text.script.ruby; path = xml.rb; sourceTree = "<group>"; };
		E16141BA0E2371A6006BC96E /* yaml.rb */ = {isa = PBXFileReference; fileEncoding = 4; lastKnownFileType = text.script.ruby; path = yaml.rb; sourceTree = "<group>"; };
		E16141BB0E2371A6006BC96E /* version.rb */ = {isa = PBXFileReference; fileEncoding = 4; lastKnownFileType = text.script.ruby; path = version.rb; sourceTree = "<group>"; };
		E16506860ED329DA000CEBCF /* example_file.rb */ = {isa = PBXFileReference; fileEncoding = 4; lastKnownFileType = text.script.ruby; name = example_file.rb; path = lib/example_file.rb; sourceTree = "<group>"; };
		E16506880ED32A1C000CEBCF /* example_files.rb */ = {isa = PBXFileReference; fileEncoding = 4; lastKnownFileType = text.script.ruby; name = example_files.rb; path = lib/example_files.rb; sourceTree = "<group>"; };
		E168D7B50E715F140063AEDE /* APPL.icns */ = {isa = PBXFileReference; lastKnownFileType = image.icns; path = APPL.icns; sourceTree = "<group>"; };
		E18021CA0ED462DE002B6EC8 /* example_matcher.rb */ = {isa = PBXFileReference; fileEncoding = 4; lastKnownFileType = text.script.ruby; name = example_matcher.rb; path = lib/example_matcher.rb; sourceTree = "<group>"; };
		E18500ED0E4260E0003D4E1E /* textmate.rb */ = {isa = PBXFileReference; fileEncoding = 4; lastKnownFileType = text.script.ruby; path = textmate.rb; sourceTree = "<group>"; };
		E193ED770DFAAADE00D17070 /* app_controller.rb */ = {isa = PBXFileReference; fileEncoding = 4; lastKnownFileType = text.script.ruby; path = app_controller.rb; sourceTree = "<group>"; };
		E193ED780DFAAADE00D17070 /* drawer_controller.rb */ = {isa = PBXFileReference; fileEncoding = 4; lastKnownFileType = text.script.ruby; path = drawer_controller.rb; sourceTree = "<group>"; };
		E193ED790DFAAADE00D17070 /* window_controller.rb */ = {isa = PBXFileReference; fileEncoding = 4; lastKnownFileType = text.script.ruby; path = window_controller.rb; sourceTree = "<group>"; };
		E193ED7D0DFAAADE00D17070 /* log.rb */ = {isa = PBXFileReference; fileEncoding = 4; lastKnownFileType = text.script.ruby; path = log.rb; sourceTree = "<group>"; };
		E193ED7F0DFAAADE00D17070 /* rspactor_formatter.rb */ = {isa = PBXFileReference; fileEncoding = 4; lastKnownFileType = text.script.ruby; path = rspactor_formatter.rb; sourceTree = "<group>"; };
		E193ED800DFAAADE00D17070 /* service.rb */ = {isa = PBXFileReference; fileEncoding = 4; lastKnownFileType = text.script.ruby; path = service.rb; sourceTree = "<group>"; };
		E193ED810DFAAADE00D17070 /* spec_object.rb */ = {isa = PBXFileReference; fileEncoding = 4; lastKnownFileType = text.script.ruby; path = spec_object.rb; sourceTree = "<group>"; };
		E193ED820DFAAADE00D17070 /* spec_runner.rb */ = {isa = PBXFileReference; fileEncoding = 4; lastKnownFileType = text.script.ruby; path = spec_runner.rb; sourceTree = "<group>"; };
		E19769C00E01265A003A0331 /* INSTALL.txt */ = {isa = PBXFileReference; fileEncoding = 4; lastKnownFileType = text; path = INSTALL.txt; sourceTree = "<group>"; };
		E19769C20E01265A003A0331 /* VERSION */ = {isa = PBXFileReference; fileEncoding = 4; lastKnownFileType = text; path = VERSION; sourceTree = "<group>"; };
		E1AF65C80E7145B9007DF217 /* accept.icns */ = {isa = PBXFileReference; lastKnownFileType = image.icns; path = accept.icns; sourceTree = "<group>"; };
		E1AF65C90E7145B9007DF217 /* accept_page.icns */ = {isa = PBXFileReference; lastKnownFileType = image.icns; path = accept_page.icns; sourceTree = "<group>"; };
		E1AF65CA0E7145B9007DF217 /* add.icns */ = {isa = PBXFileReference; lastKnownFileType = image.icns; path = add.icns; sourceTree = "<group>"; };
		E1AF65CB0E7145B9007DF217 /* add_page.icns */ = {isa = PBXFileReference; lastKnownFileType = image.icns; path = add_page.icns; sourceTree = "<group>"; };
		E1AF65CC0E7145B9007DF217 /* add_to_folder.icns */ = {isa = PBXFileReference; lastKnownFileType = image.icns; path = add_to_folder.icns; sourceTree = "<group>"; };
		E1AF65CD0E7145B9007DF217 /* attachment.icns */ = {isa = PBXFileReference; lastKnownFileType = image.icns; path = attachment.icns; sourceTree = "<group>"; };
		E1AF65CE0E7145B9007DF217 /* back.icns */ = {isa = PBXFileReference; lastKnownFileType = image.icns; path = back.icns; sourceTree = "<group>"; };
		E1AF65CF0E7145B9007DF217 /* block.icns */ = {isa = PBXFileReference; lastKnownFileType = image.icns; path = block.icns; sourceTree = "<group>"; };
		E1AF65D00E7145B9007DF217 /* calendar.icns */ = {isa = PBXFileReference; lastKnownFileType = image.icns; path = calendar.icns; sourceTree = "<group>"; };
		E1AF65D10E7145B9007DF217 /* calendar_empty.icns */ = {isa = PBXFileReference; lastKnownFileType = image.icns; path = calendar_empty.icns; sourceTree = "<group>"; };
		E1AF65D20E7145B9007DF217 /* chart.icns */ = {isa = PBXFileReference; lastKnownFileType = image.icns; path = chart.icns; sourceTree = "<group>"; };
		E1AF65D30E7145B9007DF217 /* chart_pie.icns */ = {isa = PBXFileReference; lastKnownFileType = image.icns; path = chart_pie.icns; sourceTree = "<group>"; };
		E1AF65D40E7145B9007DF217 /* clock.icns */ = {isa = PBXFileReference; lastKnownFileType = image.icns; path = clock.icns; sourceTree = "<group>"; };
		E1AF65D50E7145B9007DF217 /* comment.icns */ = {isa = PBXFileReference; lastKnownFileType = image.icns; path = comment.icns; sourceTree = "<group>"; };
		E1AF65D60E7145B9007DF217 /* comments.icns */ = {isa = PBXFileReference; lastKnownFileType = image.icns; path = comments.icns; sourceTree = "<group>"; };
		E1AF65D70E7145B9007DF217 /* delete.icns */ = {isa = PBXFileReference; lastKnownFileType = image.icns; path = delete.icns; sourceTree = "<group>"; };
		E1AF65D80E7145B9007DF217 /* delete_folder.icns */ = {isa = PBXFileReference; lastKnownFileType = image.icns; path = delete_folder.icns; sourceTree = "<group>"; };
		E1AF65D90E7145B9007DF217 /* delete_page.icns */ = {isa = PBXFileReference; lastKnownFileType = image.icns; path = delete_page.icns; sourceTree = "<group>"; };
		E1AF65DA0E7145B9007DF217 /* download.icns */ = {isa = PBXFileReference; lastKnownFileType = image.icns; path = download.icns; sourceTree = "<group>"; };
		E1AF65DB0E7145B9007DF217 /* favorite.icns */ = {isa = PBXFileReference; lastKnownFileType = image.icns; path = favorite.icns; sourceTree = "<group>"; };
		E1AF65DC0E7145B9007DF217 /* folder.icns */ = {isa = PBXFileReference; lastKnownFileType = image.icns; path = folder.icns; sourceTree = "<group>"; };
		E1AF65DD0E7145B9007DF217 /* folder_accept.icns */ = {isa = PBXFileReference; lastKnownFileType = image.icns; path = folder_accept.icns; sourceTree = "<group>"; };
		E1AF65DE0E7145B9007DF217 /* folder_full.icns */ = {isa = PBXFileReference; lastKnownFileType = image.icns; path = folder_full.icns; sourceTree = "<group>"; };
		E1AF65DF0E7145B9007DF217 /* full_page.icns */ = {isa = PBXFileReference; lastKnownFileType = image.icns; path = full_page.icns; sourceTree = "<group>"; };
		E1AF65E00E7145B9007DF217 /* heart.icns */ = {isa = PBXFileReference; lastKnownFileType = image.icns; path = heart.icns; sourceTree = "<group>"; };
		E1AF65E10E7145B9007DF217 /* help.icns */ = {isa = PBXFileReference; lastKnownFileType = image.icns; path = help.icns; sourceTree = "<group>"; };
		E1AF65E20E7145B9007DF217 /* info.icns */ = {isa = PBXFileReference; lastKnownFileType = image.icns; path = info.icns; sourceTree = "<group>"; };
		E1AF65E30E7145B9007DF217 /* lock.icns */ = {isa = PBXFileReference; lastKnownFileType = image.icns; path = lock.icns; sourceTree = "<group>"; };
		E1AF65E40E7145B9007DF217 /* mail.icns */ = {isa = PBXFileReference; lastKnownFileType = image.icns; path = mail.icns; sourceTree = "<group>"; };
		E1AF65E50E7145B9007DF217 /* mail_lock.icns */ = {isa = PBXFileReference; lastKnownFileType = image.icns; path = mail_lock.icns; sourceTree = "<group>"; };
		E1AF65E60E7145B9007DF217 /* mail_receive.icns */ = {isa = PBXFileReference; lastKnownFileType = image.icns; path = mail_receive.icns; sourceTree = "<group>"; };
		E1AF65E70E7145B9007DF217 /* mail_search.icns */ = {isa = PBXFileReference; lastKnownFileType = image.icns; path = mail_search.icns; sourceTree = "<group>"; };
		E1AF65E80E7145B9007DF217 /* mail_send.icns */ = {isa = PBXFileReference; lastKnownFileType = image.icns; path = mail_send.icns; sourceTree = "<group>"; };
		E1AF65E90E7145B9007DF217 /* new_page.icns */ = {isa = PBXFileReference; lastKnownFileType = image.icns; path = new_page.icns; sourceTree = "<group>"; };
		E1AF65EA0E7145B9007DF217 /* next.icns */ = {isa = PBXFileReference; lastKnownFileType = image.icns; path = next.icns; sourceTree = "<group>"; };
		E1AF65EB0E7145B9007DF217 /* page_process.icns */ = {isa = PBXFileReference; lastKnownFileType = image.icns; path = page_process.icns; sourceTree = "<group>"; };
		E1AF65EC0E7145B9007DF217 /* process.icns */ = {isa = PBXFileReference; lastKnownFileType = image.icns; path = process.icns; sourceTree = "<group>"; };
		E1AF65ED0E7145B9007DF217 /* promotion.icns */ = {isa = PBXFileReference; lastKnownFileType = image.icns; path = promotion.icns; sourceTree = "<group>"; };
		E1AF65EE0E7145B9007DF217 /* protection.icns */ = {isa = PBXFileReference; lastKnownFileType = image.icns; path = protection.icns; sourceTree = "<group>"; };
		E1AF65EF0E7145B9007DF217 /* refresh.icns */ = {isa = PBXFileReference; lastKnownFileType = image.icns; path = refresh.icns; sourceTree = "<group>"; };
		E1AF65F00E7145B9007DF217 /* rss.icns */ = {isa = PBXFileReference; lastKnownFileType = image.icns; path = rss.icns; sourceTree = "<group>"; };
		E1AF65F10E7145B9007DF217 /* search.icns */ = {isa = PBXFileReference; lastKnownFileType = image.icns; path = search.icns; sourceTree = "<group>"; };
		E1AF65F20E7145B9007DF217 /* search_page.icns */ = {isa = PBXFileReference; lastKnownFileType = image.icns; path = search_page.icns; sourceTree = "<group>"; };
		E1AF65F30E7145B9007DF217 /* tag_blue.icns */ = {isa = PBXFileReference; lastKnownFileType = image.icns; path = tag_blue.icns; sourceTree = "<group>"; };
		E1AF65F40E7145B9007DF217 /* tag_green.icns */ = {isa = PBXFileReference; lastKnownFileType = image.icns; path = tag_green.icns; sourceTree = "<group>"; };
		E1AF65F50E7145B9007DF217 /* text_page.icns */ = {isa = PBXFileReference; lastKnownFileType = image.icns; path = text_page.icns; sourceTree = "<group>"; };
		E1AF65F60E7145B9007DF217 /* unlock.icns */ = {isa = PBXFileReference; lastKnownFileType = image.icns; path = unlock.icns; sourceTree = "<group>"; };
		E1AF65F70E7145B9007DF217 /* user.icns */ = {isa = PBXFileReference; lastKnownFileType = image.icns; path = user.icns; sourceTree = "<group>"; };
		E1AF65F80E7145B9007DF217 /* users.icns */ = {isa = PBXFileReference; lastKnownFileType = image.icns; path = users.icns; sourceTree = "<group>"; };
		E1AF65F90E7145B9007DF217 /* warning.icns */ = {isa = PBXFileReference; lastKnownFileType = image.icns; path = warning.icns; sourceTree = "<group>"; };
		E1B27ED40E2CEE230005DBFF /* RubyCocoa.framework */ = {isa = PBXFileReference; lastKnownFileType = wrapper.framework; name = RubyCocoa.framework; path = /System/Library/Frameworks/RubyCocoa.framework; sourceTree = "<absolute>"; };
		E1B27EDC0E2CEED40005DBFF /* Ruby.framework */ = {isa = PBXFileReference; lastKnownFileType = wrapper.framework; name = Ruby.framework; path = /System/Library/Frameworks/Ruby.framework; sourceTree = "<absolute>"; };
		E1B27F120E2D44190005DBFF /* arrow-down.png */ = {isa = PBXFileReference; lastKnownFileType = image.png; path = "arrow-down.png"; sourceTree = "<group>"; };
		E1B27F130E2D44190005DBFF /* arrow-right.png */ = {isa = PBXFileReference; lastKnownFileType = image.png; path = "arrow-right.png"; sourceTree = "<group>"; };
		E1B605280EE2DF6F00421AEF /* example_runner_job.rb */ = {isa = PBXFileReference; fileEncoding = 4; lastKnownFileType = text.script.ruby; path = example_runner_job.rb; sourceTree = "<group>"; };
		E1B87B9B0ED71FCC00B532F2 /* runner_queue.rb */ = {isa = PBXFileReference; fileEncoding = 4; lastKnownFileType = text.script.ruby; path = runner_queue.rb; sourceTree = "<group>"; };
		E1BBE45D0E002E45004724B8 /* listener.rb */ = {isa = PBXFileReference; fileEncoding = 4; lastKnownFileType = text.script.ruby; path = listener.rb; sourceTree = "<group>"; };
		E1BBE46F0E003140004724B8 /* Carbon.framework */ = {isa = PBXFileReference; lastKnownFileType = wrapper.framework; name = Carbon.framework; path = /System/Library/Frameworks/Carbon.framework; sourceTree = "<absolute>"; };
		E1C7449B0E086A1B006DB94E /* preferences_controller.rb */ = {isa = PBXFileReference; fileEncoding = 4; lastKnownFileType = text.script.ruby; path = preferences_controller.rb; sourceTree = "<group>"; };
		E1E958300E55A4F9006C3B9B /* string.rb */ = {isa = PBXFileReference; fileEncoding = 4; lastKnownFileType = text.script.ruby; path = string.rb; sourceTree = "<group>"; };
		E8F5E25803AEB7C803A81C6F /* rb_main.rb */ = {isa = PBXFileReference; lastKnownFileType = text.script.ruby; path = rb_main.rb; sourceTree = "<group>"; };
/* End PBXFileReference section */

/* Begin PBXFrameworksBuildPhase section */
		4DDCA70B0ACC9A6100E082CE /* Frameworks */ = {
			isa = PBXFrameworksBuildPhase;
			buildActionMask = 2147483647;
			files = (
				4DDCA70C0ACC9A6100E082CE /* Cocoa.framework in Frameworks */,
				E107C5620DF84D1A00A62C3A /* WebKit.framework in Frameworks */,
				E1BBE4700E003140004724B8 /* Carbon.framework in Frameworks */,
				E1B27ED50E2CEE230005DBFF /* RubyCocoa.framework in Frameworks */,
				E1B27EDD0E2CEED40005DBFF /* Ruby.framework in Frameworks */,
				E12F65900E3884F300C16DC6 /* Sparkle.framework in Frameworks */,
			);
			runOnlyForDeploymentPostprocessing = 0;
		};
/* End PBXFrameworksBuildPhase section */

/* Begin PBXGroup section */
		080E96DDFE201D6D7F000001 /* Classes */ = {
			isa = PBXGroup;
			children = (
				E193ED750DFAAADE00D17070 /* app */,
			);
			name = Classes;
			sourceTree = "<group>";
		};
		1058C7A0FEA54F0111CA2CBB /* Linked Frameworks */ = {
			isa = PBXGroup;
			children = (
				E12F658F0E3884F300C16DC6 /* Sparkle.framework */,
				E1BBE46F0E003140004724B8 /* Carbon.framework */,
				E107C5610DF84D1A00A62C3A /* WebKit.framework */,
				1058C7A1FEA54F0111CA2CBB /* Cocoa.framework */,
			);
			name = "Linked Frameworks";
			sourceTree = "<group>";
		};
		1058C7A2FEA54F0111CA2CBB /* Other Frameworks */ = {
			isa = PBXGroup;
			children = (
				E1B27ED40E2CEE230005DBFF /* RubyCocoa.framework */,
				E1B27EDC0E2CEED40005DBFF /* Ruby.framework */,
				29B97325FDCFA39411CA2CEA /* Foundation.framework */,
				29B97324FDCFA39411CA2CEA /* AppKit.framework */,
			);
			name = "Other Frameworks";
			sourceTree = "<group>";
		};
		19C28FACFE9D520D11CA2CBB /* Products */ = {
			isa = PBXGroup;
			children = (
				4DDCA7120ACC9A6100E082CE /* RSpactor.app */,
			);
			name = Products;
			sourceTree = "<group>";
		};
		29B97314FDCFA39411CA2CEA /* RSpactor */ = {
			isa = PBXGroup;
			children = (
				080E96DDFE201D6D7F000001 /* Classes */,
				29B97315FDCFA39411CA2CEA /* Other Sources */,
				29B97317FDCFA39411CA2CEA /* Resources */,
				29B97323FDCFA39411CA2CEA /* Frameworks */,
				19C28FACFE9D520D11CA2CBB /* Products */,
				4DDCA7110ACC9A6100E082CE /* Info.plist */,
				E145FF460EEC9BD40056D142 /* MainMenu.xib */,
			);
			name = RSpactor;
			sourceTree = "<group>";
		};
		29B97315FDCFA39411CA2CEA /* Other Sources */ = {
			isa = PBXGroup;
			children = (
				29B97316FDCFA39411CA2CEA /* main.m */,
				E8F5E25803AEB7C803A81C6F /* rb_main.rb */,
			);
			name = "Other Sources";
			sourceTree = "<group>";
		};
		29B97317FDCFA39411CA2CEA /* Resources */ = {
			isa = PBXGroup;
			children = (
				E144E0020EA532A80003ADE4 /* badge.png */,
				E168D7B50E715F140063AEDE /* APPL.icns */,
				E1AF65C70E7145B9007DF217 /* icns */,
				E13AF6040E0128670042D8BE /* rspactor_bin.rb */,
				E19769C00E01265A003A0331 /* INSTALL.txt */,
				E19769C20E01265A003A0331 /* VERSION */,
				E12E4CDF0DFF2D5700355B0E /* resources */,
				089C165CFE840E0CC02AAC07 /* InfoPlist.strings */,
			);
			name = Resources;
			sourceTree = "<group>";
		};
		29B97323FDCFA39411CA2CEA /* Frameworks */ = {
			isa = PBXGroup;
			children = (
				1058C7A0FEA54F0111CA2CBB /* Linked Frameworks */,
				1058C7A2FEA54F0111CA2CBB /* Other Frameworks */,
			);
			name = Frameworks;
			sourceTree = "<group>";
		};
		E11B10B50DFDE342006F6CFA /* ns_ext */ = {
			isa = PBXGroup;
			children = (
				E1E958300E55A4F9006C3B9B /* string.rb */,
				E11B10B60DFDE342006F6CFA /* ns_object.rb */,
			);
			path = ns_ext;
			sourceTree = "<group>";
		};
		E12E4CDF0DFF2D5700355B0E /* resources */ = {
			isa = PBXGroup;
			children = (
				E1B27F120E2D44190005DBFF /* arrow-down.png */,
				E1B27F130E2D44190005DBFF /* arrow-right.png */,
				E12E4CF80DFF308300355B0E /* pass_128.png */,
				E12E4CEC0DFF2E0500355B0E /* failure_128.png */,
				E12E4CED0DFF2E0500355B0E /* warning_128.png */,
			);
			path = resources;
			sourceTree = "<group>";
		};
		E143B0D70EA4B76800055FDB /* javascript */ = {
			isa = PBXGroup;
			children = (
				E143B0D80EA4B76800055FDB /* application.js */,
				E143B0D90EA4B76800055FDB /* builder.js */,
				E143B0DA0EA4B76800055FDB /* controls.js */,
				E143B0DB0EA4B76800055FDB /* dragdrop.js */,
				E143B0DC0EA4B76800055FDB /* effects.js */,
				E143B0DD0EA4B76800055FDB /* prototype.js */,
				E143B0DE0EA4B76800055FDB /* scriptaculous.js */,
				E143B0DF0EA4B76800055FDB /* slider.js */,
				E143B0E00EA4B76800055FDB /* sound.js */,
				E143B0E10EA4B76800055FDB /* unittest.js */,
			);
			path = javascript;
			sourceTree = "<group>";
		};
		E143B0E20EA4B76800055FDB /* style */ = {
			isa = PBXGroup;
			children = (
				E143B0E30EA4B76800055FDB /* style.css */,
			);
			path = style;
			sourceTree = "<group>";
		};
		E14951760DFED46A006E0F89 /* object */ = {
			isa = PBXGroup;
			children = (
				E14951770DFED46A006E0F89 /* spec_table.rb */,
			);
			path = object;
			sourceTree = "<group>";
		};
		E151EBEE0E09A17600E11BB3 /* view */ = {
			isa = PBXGroup;
			children = (
				E143B10F0EA4BE3E00055FDB /* raw_output_view.rb */,
				E143B0F10EA4B8C900055FDB /* raw_output.html */,
				E143B0D70EA4B76800055FDB /* javascript */,
				E143B0E20EA4B76800055FDB /* style */,
				E143B0D30EA4B5AE00055FDB /* dashboard.html */,
				E151EC0E0E09B0F100E11BB3 /* html_view.rb */,
				E151EC0B0E09AD5000E11BB3 /* spec_file_view.rb */,
				E151EC040E09A5A500E11BB3 /* spec_file.html */,
			);
			path = view;
			sourceTree = "<group>";
		};
		E16141B00E2371A6006BC96E /* syntax */ = {
			isa = PBXGroup;
			children = (
				E16141B10E2371A6006BC96E /* base_syntax.rb */,
				E16141B20E2371A6006BC96E /* syntax */,
			);
			path = syntax;
			sourceTree = "<group>";
		};
		E16141B20E2371A6006BC96E /* syntax */ = {
			isa = PBXGroup;
			children = (
				E16141B30E2371A6006BC96E /* common.rb */,
				E16141B40E2371A6006BC96E /* convertors */,
				E16141B70E2371A6006BC96E /* lang */,
				E16141BB0E2371A6006BC96E /* version.rb */,
			);
			path = syntax;
			sourceTree = "<group>";
		};
		E16141B40E2371A6006BC96E /* convertors */ = {
			isa = PBXGroup;
			children = (
				E16141B50E2371A6006BC96E /* abstract.rb */,
				E16141B60E2371A6006BC96E /* html.rb */,
			);
			path = convertors;
			sourceTree = "<group>";
		};
		E16141B70E2371A6006BC96E /* lang */ = {
			isa = PBXGroup;
			children = (
				E16141B80E2371A6006BC96E /* ruby.rb */,
				E16141B90E2371A6006BC96E /* xml.rb */,
				E16141BA0E2371A6006BC96E /* yaml.rb */,
			);
			path = lang;
			sourceTree = "<group>";
		};
		E193ED750DFAAADE00D17070 /* app */ = {
			isa = PBXGroup;
			children = (
				E18021CA0ED462DE002B6EC8 /* example_matcher.rb */,
				E16506880ED32A1C000CEBCF /* example_files.rb */,
				E16506860ED329DA000CEBCF /* example_file.rb */,
				E151EBEE0E09A17600E11BB3 /* view */,
				E14951760DFED46A006E0F89 /* object */,
				E11B10B50DFDE342006F6CFA /* ns_ext */,
				E193ED760DFAAADE00D17070 /* controller */,
				E193ED7A0DFAAADE00D17070 /* lib */,
			);
			path = app;
			sourceTree = "<group>";
		};
		E193ED760DFAAADE00D17070 /* controller */ = {
			isa = PBXGroup;
			children = (
				E151EBEB0E09A04500E11BB3 /* webview_controller.rb */,
				E1C7449B0E086A1B006DB94E /* preferences_controller.rb */,
				E193ED770DFAAADE00D17070 /* app_controller.rb */,
				E193ED780DFAAADE00D17070 /* drawer_controller.rb */,
				E193ED790DFAAADE00D17070 /* window_controller.rb */,
				E12E4CB90DFF221100355B0E /* growl_controller.rb */,
			);
			path = controller;
			sourceTree = "<group>";
		};
		E193ED7A0DFAAADE00D17070 /* lib */ = {
			isa = PBXGroup;
			children = (
				E1B605280EE2DF6F00421AEF /* example_runner_job.rb */,
				84A168A10E68C78F005FF9F3 /* netbeans.rb */,
				E18500ED0E4260E0003D4E1E /* textmate.rb */,
				E16141AE0E23719E006BC96E /* converter.rb */,
				E1BBE45D0E002E45004724B8 /* listener.rb */,
				E193ED7B0DFAAADE00D17070 /* ext */,
				E193ED7D0DFAAADE00D17070 /* log.rb */,
				E1B87B9B0ED71FCC00B532F2 /* runner_queue.rb */,
				E193ED7F0DFAAADE00D17070 /* rspactor_formatter.rb */,
				E193ED800DFAAADE00D17070 /* service.rb */,
				E193ED810DFAAADE00D17070 /* spec_object.rb */,
				E193ED820DFAAADE00D17070 /* spec_runner.rb */,
			);
			path = lib;
			sourceTree = "<group>";
		};
		E193ED7B0DFAAADE00D17070 /* ext */ = {
			isa = PBXGroup;
			children = (
				E16141B00E2371A6006BC96E /* syntax */,
				E12E4CBC0DFF246100355B0E /* growl.rb */,
			);
			path = ext;
			sourceTree = "<group>";
		};
		E1AF65C70E7145B9007DF217 /* icns */ = {
			isa = PBXGroup;
			children = (
				E1AF65C80E7145B9007DF217 /* accept.icns */,
				E1AF65C90E7145B9007DF217 /* accept_page.icns */,
				E1AF65CA0E7145B9007DF217 /* add.icns */,
				E1AF65CB0E7145B9007DF217 /* add_page.icns */,
				E1AF65CC0E7145B9007DF217 /* add_to_folder.icns */,
				E1AF65CD0E7145B9007DF217 /* attachment.icns */,
				E1AF65CE0E7145B9007DF217 /* back.icns */,
				E1AF65CF0E7145B9007DF217 /* block.icns */,
				E1AF65D00E7145B9007DF217 /* calendar.icns */,
				E1AF65D10E7145B9007DF217 /* calendar_empty.icns */,
				E1AF65D20E7145B9007DF217 /* chart.icns */,
				E1AF65D30E7145B9007DF217 /* chart_pie.icns */,
				E1AF65D40E7145B9007DF217 /* clock.icns */,
				E1AF65D50E7145B9007DF217 /* comment.icns */,
				E1AF65D60E7145B9007DF217 /* comments.icns */,
				E1AF65D70E7145B9007DF217 /* delete.icns */,
				E1AF65D80E7145B9007DF217 /* delete_folder.icns */,
				E1AF65D90E7145B9007DF217 /* delete_page.icns */,
				E1AF65DA0E7145B9007DF217 /* download.icns */,
				E1AF65DB0E7145B9007DF217 /* favorite.icns */,
				E1AF65DC0E7145B9007DF217 /* folder.icns */,
				E1AF65DD0E7145B9007DF217 /* folder_accept.icns */,
				E1AF65DE0E7145B9007DF217 /* folder_full.icns */,
				E1AF65DF0E7145B9007DF217 /* full_page.icns */,
				E1AF65E00E7145B9007DF217 /* heart.icns */,
				E1AF65E10E7145B9007DF217 /* help.icns */,
				E1AF65E20E7145B9007DF217 /* info.icns */,
				E1AF65E30E7145B9007DF217 /* lock.icns */,
				E1AF65E40E7145B9007DF217 /* mail.icns */,
				E1AF65E50E7145B9007DF217 /* mail_lock.icns */,
				E1AF65E60E7145B9007DF217 /* mail_receive.icns */,
				E1AF65E70E7145B9007DF217 /* mail_search.icns */,
				E1AF65E80E7145B9007DF217 /* mail_send.icns */,
				E1AF65E90E7145B9007DF217 /* new_page.icns */,
				E1AF65EA0E7145B9007DF217 /* next.icns */,
				E1AF65EB0E7145B9007DF217 /* page_process.icns */,
				E1AF65EC0E7145B9007DF217 /* process.icns */,
				E1AF65ED0E7145B9007DF217 /* promotion.icns */,
				E1AF65EE0E7145B9007DF217 /* protection.icns */,
				E1AF65EF0E7145B9007DF217 /* refresh.icns */,
				E1AF65F00E7145B9007DF217 /* rss.icns */,
				E1AF65F10E7145B9007DF217 /* search.icns */,
				E1AF65F20E7145B9007DF217 /* search_page.icns */,
				E1AF65F30E7145B9007DF217 /* tag_blue.icns */,
				E1AF65F40E7145B9007DF217 /* tag_green.icns */,
				E1AF65F50E7145B9007DF217 /* text_page.icns */,
				E1AF65F60E7145B9007DF217 /* unlock.icns */,
				E1AF65F70E7145B9007DF217 /* user.icns */,
				E1AF65F80E7145B9007DF217 /* users.icns */,
				E1AF65F90E7145B9007DF217 /* warning.icns */,
			);
			name = icns;
			path = "resources/coquette-icons-set_icns/icns";
			sourceTree = "<group>";
		};
/* End PBXGroup section */

/* Begin PBXHeadersBuildPhase section */
		4DDCA7040ACC9A6100E082CE /* Headers */ = {
			isa = PBXHeadersBuildPhase;
			buildActionMask = 2147483647;
			files = (
			);
			runOnlyForDeploymentPostprocessing = 0;
		};
/* End PBXHeadersBuildPhase section */

/* Begin PBXNativeTarget section */
		4DDCA7030ACC9A6100E082CE /* RSpactor */ = {
			isa = PBXNativeTarget;
			buildConfigurationList = 4DDCA70E0ACC9A6100E082CE /* Build configuration list for PBXNativeTarget "RSpactor" */;
			buildPhases = (
				4DDCA7040ACC9A6100E082CE /* Headers */,
				4DDCA7050ACC9A6100E082CE /* Resources */,
				4DDCA7090ACC9A6100E082CE /* Sources */,
				4DDCA70B0ACC9A6100E082CE /* Frameworks */,
				E12F65AB0E38852700C16DC6 /* CopyFiles */,
				E144DFA00EA505510003ADE4 /* CopyFiles */,
			);
			buildRules = (
			);
			dependencies = (
			);
			name = RSpactor;
			productInstallPath = "$(HOME)/Applications";
			productName = RSpactor;
			productReference = 4DDCA7120ACC9A6100E082CE /* RSpactor.app */;
			productType = "com.apple.product-type.application";
		};
/* End PBXNativeTarget section */

/* Begin PBXProject section */
		29B97313FDCFA39411CA2CEA /* Project object */ = {
			isa = PBXProject;
			buildConfigurationList = 4D7A7B570ABF745500C2D4C0 /* Build configuration list for PBXProject "RSpactor" */;
			compatibilityVersion = "Xcode 2.4";
			hasScannedForEncodings = 0;
			mainGroup = 29B97314FDCFA39411CA2CEA /* RSpactor */;
			projectDirPath = "";
			projectRoot = "";
			targets = (
				4DDCA7030ACC9A6100E082CE /* RSpactor */,
			);
		};
/* End PBXProject section */

/* Begin PBXResourcesBuildPhase section */
		4DDCA7050ACC9A6100E082CE /* Resources */ = {
			isa = PBXResourcesBuildPhase;
			buildActionMask = 2147483647;
			files = (
				4DDCA7070ACC9A6100E082CE /* InfoPlist.strings in Resources */,
				4DDCA7080ACC9A6100E082CE /* rb_main.rb in Resources */,
				E193ED830DFAAADE00D17070 /* app_controller.rb in Resources */,
				E193ED840DFAAADE00D17070 /* drawer_controller.rb in Resources */,
				E193ED850DFAAADE00D17070 /* window_controller.rb in Resources */,
				E193ED870DFAAADE00D17070 /* log.rb in Resources */,
				E193ED890DFAAADE00D17070 /* rspactor_formatter.rb in Resources */,
				E193ED8A0DFAAADE00D17070 /* service.rb in Resources */,
				E193ED8B0DFAAADE00D17070 /* spec_object.rb in Resources */,
				E193ED8C0DFAAADE00D17070 /* spec_runner.rb in Resources */,
				E11B10B70DFDE342006F6CFA /* ns_object.rb in Resources */,
				E14951780DFED46A006E0F89 /* spec_table.rb in Resources */,
				E12E4CBA0DFF221100355B0E /* growl_controller.rb in Resources */,
				E12E4CBD0DFF246100355B0E /* growl.rb in Resources */,
				E12E4CEF0DFF2E0500355B0E /* failure_128.png in Resources */,
				E12E4CF00DFF2E0500355B0E /* warning_128.png in Resources */,
				E12E4CF90DFF308300355B0E /* pass_128.png in Resources */,
				E1BBE45E0E002E45004724B8 /* listener.rb in Resources */,
				E19769C30E01265A003A0331 /* INSTALL.txt in Resources */,
				E19769C50E01265A003A0331 /* VERSION in Resources */,
				E13AF6050E0128670042D8BE /* rspactor_bin.rb in Resources */,
				E1C7449C0E086A1B006DB94E /* preferences_controller.rb in Resources */,
				E151EBEC0E09A04500E11BB3 /* webview_controller.rb in Resources */,
				E151EC050E09A5A500E11BB3 /* spec_file.html in Resources */,
				E151EC0C0E09AD5000E11BB3 /* spec_file_view.rb in Resources */,
				E151EC0F0E09B0F100E11BB3 /* html_view.rb in Resources */,
				E16141AF0E23719E006BC96E /* converter.rb in Resources */,
				E16141BC0E2371A6006BC96E /* base_syntax.rb in Resources */,
				E16141BD0E2371A6006BC96E /* common.rb in Resources */,
				E16141BE0E2371A6006BC96E /* abstract.rb in Resources */,
				E16141BF0E2371A6006BC96E /* html.rb in Resources */,
				E16141C00E2371A6006BC96E /* ruby.rb in Resources */,
				E16141C10E2371A6006BC96E /* xml.rb in Resources */,
				E16141C20E2371A6006BC96E /* yaml.rb in Resources */,
				E16141C30E2371A6006BC96E /* version.rb in Resources */,
				E1B27F140E2D44190005DBFF /* arrow-down.png in Resources */,
				E1B27F150E2D44190005DBFF /* arrow-right.png in Resources */,
				E18500EE0E4260E0003D4E1E /* textmate.rb in Resources */,
				E1E958310E55A4F9006C3B9B /* string.rb in Resources */,
				84A168A20E68C78F005FF9F3 /* netbeans.rb in Resources */,
				E1AF65FA0E7145B9007DF217 /* accept.icns in Resources */,
				E1AF65FB0E7145B9007DF217 /* accept_page.icns in Resources */,
				E1AF65FC0E7145B9007DF217 /* add.icns in Resources */,
				E1AF65FD0E7145B9007DF217 /* add_page.icns in Resources */,
				E1AF65FE0E7145B9007DF217 /* add_to_folder.icns in Resources */,
				E1AF65FF0E7145B9007DF217 /* attachment.icns in Resources */,
				E1AF66000E7145B9007DF217 /* back.icns in Resources */,
				E1AF66010E7145B9007DF217 /* block.icns in Resources */,
				E1AF66020E7145B9007DF217 /* calendar.icns in Resources */,
				E1AF66030E7145B9007DF217 /* calendar_empty.icns in Resources */,
				E1AF66040E7145B9007DF217 /* chart.icns in Resources */,
				E1AF66050E7145B9007DF217 /* chart_pie.icns in Resources */,
				E1AF66060E7145B9007DF217 /* clock.icns in Resources */,
				E1AF66070E7145B9007DF217 /* comment.icns in Resources */,
				E1AF66080E7145B9007DF217 /* comments.icns in Resources */,
				E1AF66090E7145B9007DF217 /* delete.icns in Resources */,
				E1AF660A0E7145B9007DF217 /* delete_folder.icns in Resources */,
				E1AF660B0E7145B9007DF217 /* delete_page.icns in Resources */,
				E1AF660C0E7145B9007DF217 /* download.icns in Resources */,
				E1AF660D0E7145B9007DF217 /* favorite.icns in Resources */,
				E1AF660E0E7145B9007DF217 /* folder.icns in Resources */,
				E1AF660F0E7145B9007DF217 /* folder_accept.icns in Resources */,
				E1AF66100E7145B9007DF217 /* folder_full.icns in Resources */,
				E1AF66110E7145B9007DF217 /* full_page.icns in Resources */,
				E1AF66120E7145B9007DF217 /* heart.icns in Resources */,
				E1AF66130E7145B9007DF217 /* help.icns in Resources */,
				E1AF66140E7145B9007DF217 /* info.icns in Resources */,
				E1AF66150E7145B9007DF217 /* lock.icns in Resources */,
				E1AF66160E7145B9007DF217 /* mail.icns in Resources */,
				E1AF66170E7145B9007DF217 /* mail_lock.icns in Resources */,
				E1AF66180E7145B9007DF217 /* mail_receive.icns in Resources */,
				E1AF66190E7145B9007DF217 /* mail_search.icns in Resources */,
				E1AF661A0E7145B9007DF217 /* mail_send.icns in Resources */,
				E1AF661B0E7145B9007DF217 /* new_page.icns in Resources */,
				E1AF661C0E7145B9007DF217 /* next.icns in Resources */,
				E1AF661D0E7145B9007DF217 /* page_process.icns in Resources */,
				E1AF661E0E7145B9007DF217 /* process.icns in Resources */,
				E1AF661F0E7145B9007DF217 /* promotion.icns in Resources */,
				E1AF66200E7145B9007DF217 /* protection.icns in Resources */,
				E1AF66210E7145B9007DF217 /* refresh.icns in Resources */,
				E1AF66220E7145B9007DF217 /* rss.icns in Resources */,
				E1AF66230E7145B9007DF217 /* search.icns in Resources */,
				E1AF66240E7145B9007DF217 /* search_page.icns in Resources */,
				E1AF66250E7145B9007DF217 /* tag_blue.icns in Resources */,
				E1AF66260E7145B9007DF217 /* tag_green.icns in Resources */,
				E1AF66270E7145B9007DF217 /* text_page.icns in Resources */,
				E1AF66280E7145B9007DF217 /* unlock.icns in Resources */,
				E1AF66290E7145B9007DF217 /* user.icns in Resources */,
				E1AF662A0E7145B9007DF217 /* users.icns in Resources */,
				E1AF662B0E7145B9007DF217 /* warning.icns in Resources */,
				E168D7B60E715F140063AEDE /* APPL.icns in Resources */,
				E143B0D40EA4B5AE00055FDB /* dashboard.html in Resources */,
				E143B0EE0EA4B76800055FDB /* style.css in Resources */,
				E143B0F20EA4B8C900055FDB /* raw_output.html in Resources */,
				E143B1100EA4BE3E00055FDB /* raw_output_view.rb in Resources */,
				E144E0030EA532A80003ADE4 /* badge.png in Resources */,
				E16506870ED329DA000CEBCF /* example_file.rb in Resources */,
				E16506890ED32A1C000CEBCF /* example_files.rb in Resources */,
				E18021CB0ED462DE002B6EC8 /* example_matcher.rb in Resources */,
				E1B87B9C0ED71FCC00B532F2 /* runner_queue.rb in Resources */,
				E1B605290EE2DF6F00421AEF /* example_runner_job.rb in Resources */,
				E145FF480EEC9BD40056D142 /* MainMenu.xib in Resources */,
			);
			runOnlyForDeploymentPostprocessing = 0;
		};
/* End PBXResourcesBuildPhase section */

/* Begin PBXSourcesBuildPhase section */
		4DDCA7090ACC9A6100E082CE /* Sources */ = {
			isa = PBXSourcesBuildPhase;
			buildActionMask = 2147483647;
			files = (
				4DDCA70A0ACC9A6100E082CE /* main.m in Sources */,
				E143B0E40EA4B76800055FDB /* application.js in Sources */,
				E143B0E50EA4B76800055FDB /* builder.js in Sources */,
				E143B0E60EA4B76800055FDB /* controls.js in Sources */,
				E143B0E70EA4B76800055FDB /* dragdrop.js in Sources */,
				E143B0E80EA4B76800055FDB /* effects.js in Sources */,
				E143B0E90EA4B76800055FDB /* prototype.js in Sources */,
				E143B0EA0EA4B76800055FDB /* scriptaculous.js in Sources */,
				E143B0EB0EA4B76800055FDB /* slider.js in Sources */,
				E143B0EC0EA4B76800055FDB /* sound.js in Sources */,
				E143B0ED0EA4B76800055FDB /* unittest.js in Sources */,
			);
			runOnlyForDeploymentPostprocessing = 0;
		};
/* End PBXSourcesBuildPhase section */

/* Begin PBXVariantGroup section */
		089C165CFE840E0CC02AAC07 /* InfoPlist.strings */ = {
			isa = PBXVariantGroup;
			children = (
				089C165DFE840E0CC02AAC07 /* English */,
			);
			name = InfoPlist.strings;
			sourceTree = "<group>";
		};
		E145FF460EEC9BD40056D142 /* MainMenu.xib */ = {
			isa = PBXVariantGroup;
			children = (
				E145FF470EEC9BD40056D142 /* English */,
			);
			name = MainMenu.xib;
			sourceTree = "<group>";
		};
/* End PBXVariantGroup section */

/* Begin XCBuildConfiguration section */
		4D7A7B580ABF745500C2D4C0 /* Debug */ = {
			isa = XCBuildConfiguration;
			buildSettings = {
				GCC_WARN_ABOUT_RETURN_TYPE = YES;
				GCC_WARN_UNUSED_VARIABLE = YES;
				PREBINDING = NO;
				SDKROOT = /Developer/SDKs/MacOSX10.5.sdk;
			};
			name = Debug;
		};
		4D7A7B590ABF745500C2D4C0 /* Release */ = {
			isa = XCBuildConfiguration;
			buildSettings = {
				ARCHS = "$(NATIVE_ARCH)";
				GCC_WARN_ABOUT_RETURN_TYPE = YES;
				GCC_WARN_UNUSED_VARIABLE = YES;
				PREBINDING = NO;
				SDKROOT = /Developer/SDKs/MacOSX10.5.sdk;
				VALID_ARCHS = "ppc64 ppc7400 ppc970 i386 x86_64 ppc";
			};
			name = Release;
		};
		4DDCA70F0ACC9A6100E082CE /* Debug */ = {
			isa = XCBuildConfiguration;
			buildSettings = {
				COPY_PHASE_STRIP = NO;
				FRAMEWORK_SEARCH_PATHS = (
					"$(inherited)",
					"$(FRAMEWORK_SEARCH_PATHS_QUOTED_FOR_TARGET_1)",
					"$(FRAMEWORK_SEARCH_PATHS_QUOTED_FOR_TARGET_2)",
					"$(FRAMEWORK_SEARCH_PATHS_QUOTED_FOR_TARGET_3)",
					"$(FRAMEWORK_SEARCH_PATHS_QUOTED_FOR_TARGET_4)",
					"$(FRAMEWORK_SEARCH_PATHS_QUOTED_FOR_TARGET_5)",
				);
				FRAMEWORK_SEARCH_PATHS_QUOTED_FOR_TARGET_1 = "\"$(SRCROOT)\"";
				FRAMEWORK_SEARCH_PATHS_QUOTED_FOR_TARGET_2 = "\"$(SRCROOT)/../../Downloads/Sparkle-1.1\"";
				FRAMEWORK_SEARCH_PATHS_QUOTED_FOR_TARGET_3 = "\"$(SRCROOT)/../../Downloads/Sparkle 1.5b4 2\"";
				FRAMEWORK_SEARCH_PATHS_QUOTED_FOR_TARGET_4 = "\"$(SRCROOT)/../../Downloads/Sparkle-1.1\"";
				FRAMEWORK_SEARCH_PATHS_QUOTED_FOR_TARGET_5 = "\"$(SRCROOT)\"";
				GCC_DYNAMIC_NO_PIC = NO;
				GCC_ENABLE_FIX_AND_CONTINUE = YES;
				GCC_MODEL_TUNING = G5;
				GCC_OPTIMIZATION_LEVEL = 0;
				INFOPLIST_FILE = Info.plist;
				INSTALL_PATH = "$(HOME)/Applications";
				PRODUCT_NAME = RSpactor;
				WRAPPER_EXTENSION = app;
				ZERO_LINK = YES;
			};
			name = Debug;
		};
		4DDCA7100ACC9A6100E082CE /* Release */ = {
			isa = XCBuildConfiguration;
			buildSettings = {
				FRAMEWORK_SEARCH_PATHS = (
					"$(inherited)",
					"$(FRAMEWORK_SEARCH_PATHS_QUOTED_FOR_TARGET_1)",
					"$(FRAMEWORK_SEARCH_PATHS_QUOTED_FOR_TARGET_2)",
					"$(FRAMEWORK_SEARCH_PATHS_QUOTED_FOR_TARGET_3)",
					"$(FRAMEWORK_SEARCH_PATHS_QUOTED_FOR_TARGET_4)",
					"$(FRAMEWORK_SEARCH_PATHS_QUOTED_FOR_TARGET_5)",
				);
				FRAMEWORK_SEARCH_PATHS_QUOTED_FOR_TARGET_1 = "\"$(SRCROOT)\"";
				FRAMEWORK_SEARCH_PATHS_QUOTED_FOR_TARGET_2 = "\"$(SRCROOT)/../../Downloads/Sparkle-1.1\"";
				FRAMEWORK_SEARCH_PATHS_QUOTED_FOR_TARGET_3 = "\"$(SRCROOT)/../../Downloads/Sparkle 1.5b4 2\"";
				FRAMEWORK_SEARCH_PATHS_QUOTED_FOR_TARGET_4 = "\"$(SRCROOT)/../../Downloads/Sparkle-1.1\"";
				FRAMEWORK_SEARCH_PATHS_QUOTED_FOR_TARGET_5 = "\"$(SRCROOT)\"";
				GCC_GENERATE_DEBUGGING_SYMBOLS = NO;
				GCC_MODEL_TUNING = G5;
				INFOPLIST_FILE = Info.plist;
				INSTALL_PATH = "$(HOME)/Applications";
				PRODUCT_NAME = RSpactor;
				WRAPPER_EXTENSION = app;
			};
			name = Release;
		};
/* End XCBuildConfiguration section */

/* Begin XCConfigurationList section */
		4D7A7B570ABF745500C2D4C0 /* Build configuration list for PBXProject "RSpactor" */ = {
			isa = XCConfigurationList;
			buildConfigurations = (
				4D7A7B580ABF745500C2D4C0 /* Debug */,
				4D7A7B590ABF745500C2D4C0 /* Release */,
			);
			defaultConfigurationIsVisible = 0;
			defaultConfigurationName = Release;
		};
		4DDCA70E0ACC9A6100E082CE /* Build configuration list for PBXNativeTarget "RSpactor" */ = {
			isa = XCConfigurationList;
			buildConfigurations = (
				4DDCA70F0ACC9A6100E082CE /* Debug */,
				4DDCA7100ACC9A6100E082CE /* Release */,
			);
			defaultConfigurationIsVisible = 0;
			defaultConfigurationName = Release;
		};
/* End XCConfigurationList section */
	};
	rootObject = 29B97313FDCFA39411CA2CEA /* Project object */;
}
